// !$*UTF8*$!
{
	archiveVersion = 1;
	classes = {
	};
	objectVersion = 46;
	objects = {

/* Begin PBXAggregateTarget section */
		"rudder-sdk-ios::rudder-sdk-iosPackageTests::ProductTarget" /* rudder-sdk-iosPackageTests */ = {
			isa = PBXAggregateTarget;
			buildConfigurationList = OBJ_39 /* Build configuration list for PBXAggregateTarget "rudder-sdk-iosPackageTests" */;
			buildPhases = (
			);
			dependencies = (
				OBJ_42 /* PBXTargetDependency */,
			);
			name = "rudder-sdk-iosPackageTests";
			productName = "rudder-sdk-iosPackageTests";
		};
/* End PBXAggregateTarget section */

/* Begin PBXBuildFile section */
		53067728247EC3DD003405F5 /* RSServerConfigSource.m in Sources */ = {isa = PBXBuildFile; fileRef = 53067680247EC3DC003405F5 /* RSServerConfigSource.m */; };
		53067729247EC3DD003405F5 /* RSTraits.m in Sources */ = {isa = PBXBuildFile; fileRef = 53067681247EC3DC003405F5 /* RSTraits.m */; };
		5306772A247EC3DD003405F5 /* RSLibraryInfo.m in Sources */ = {isa = PBXBuildFile; fileRef = 53067682247EC3DC003405F5 /* RSLibraryInfo.m */; };
		5306772B247EC3DD003405F5 /* RSDBPersistentManager.m in Sources */ = {isa = PBXBuildFile; fileRef = 53067684247EC3DC003405F5 /* RSDBPersistentManager.m */; };
		5306772C247EC3DD003405F5 /* RSConfig.m in Sources */ = {isa = PBXBuildFile; fileRef = 53067685247EC3DC003405F5 /* RSConfig.m */; };
		5306772D247EC3DD003405F5 /* RSNetwork.m in Sources */ = {isa = PBXBuildFile; fileRef = 53067686247EC3DC003405F5 /* RSNetwork.m */; };
		5306772E247EC3DD003405F5 /* RSApp.m in Sources */ = {isa = PBXBuildFile; fileRef = 53067687247EC3DC003405F5 /* RSApp.m */; };
		5306772F247EC3DD003405F5 /* RSServerDestination.m in Sources */ = {isa = PBXBuildFile; fileRef = 5306768A247EC3DC003405F5 /* RSServerDestination.m */; };
		53067730247EC3DD003405F5 /* RSOSInfo.m in Sources */ = {isa = PBXBuildFile; fileRef = 5306768B247EC3DC003405F5 /* RSOSInfo.m */; };
		53067731247EC3DD003405F5 /* RSClient.m in Sources */ = {isa = PBXBuildFile; fileRef = 5306768F247EC3DC003405F5 /* RSClient.m */; };
		53067732247EC3DD003405F5 /* RSTraitsBuilder.m in Sources */ = {isa = PBXBuildFile; fileRef = 53067690247EC3DC003405F5 /* RSTraitsBuilder.m */; };
		53067733247EC3DD003405F5 /* RSUtils.m in Sources */ = {isa = PBXBuildFile; fileRef = 53067694247EC3DC003405F5 /* RSUtils.m */; };
		53067734247EC3DD003405F5 /* RSTrackPropertyBuilder.m in Sources */ = {isa = PBXBuildFile; fileRef = 53067696247EC3DC003405F5 /* RSTrackPropertyBuilder.m */; };
		53067735247EC3DD003405F5 /* RSDBMessage.m in Sources */ = {isa = PBXBuildFile; fileRef = 5306769C247EC3DC003405F5 /* RSDBMessage.m */; };
		53067736247EC3DD003405F5 /* UIViewController+RSScreen.m in Sources */ = {isa = PBXBuildFile; fileRef = 5306769E247EC3DC003405F5 /* UIViewController+RSScreen.m */; };
		53067737247EC3DD003405F5 /* RSPagePropertyBuilder.m in Sources */ = {isa = PBXBuildFile; fileRef = 5306769F247EC3DC003405F5 /* RSPagePropertyBuilder.m */; };
		53067738247EC3DD003405F5 /* RSDeviceInfo.m in Sources */ = {isa = PBXBuildFile; fileRef = 530676A3247EC3DC003405F5 /* RSDeviceInfo.m */; };
		53067739247EC3DD003405F5 /* RSMessageType.m in Sources */ = {isa = PBXBuildFile; fileRef = 530676AA247EC3DC003405F5 /* RSMessageType.m */; };
		5306773A247EC3DD003405F5 /* RSServerConfigManager.m in Sources */ = {isa = PBXBuildFile; fileRef = 530676AF247EC3DC003405F5 /* RSServerConfigManager.m */; };
		5306773B247EC3DD003405F5 /* RSConstants.m in Sources */ = {isa = PBXBuildFile; fileRef = 530676B1247EC3DC003405F5 /* RSConstants.m */; };
		5306773C247EC3DD003405F5 /* RSOption.m in Sources */ = {isa = PBXBuildFile; fileRef = 530676B2247EC3DC003405F5 /* RSOption.m */; };
		5306773D247EC3DD003405F5 /* RSMessageBuilder.m in Sources */ = {isa = PBXBuildFile; fileRef = 530676B3247EC3DC003405F5 /* RSMessageBuilder.m */; };
		5306773E247EC3DD003405F5 /* RSProperty.m in Sources */ = {isa = PBXBuildFile; fileRef = 530676B6247EC3DC003405F5 /* RSProperty.m */; };
		5306773F247EC3DD003405F5 /* RSServerDestinationDefinition.m in Sources */ = {isa = PBXBuildFile; fileRef = 530676B7247EC3DC003405F5 /* RSServerDestinationDefinition.m */; };
		53067740247EC3DD003405F5 /* RSScreenInfo.m in Sources */ = {isa = PBXBuildFile; fileRef = 530676B8247EC3DC003405F5 /* RSScreenInfo.m */; };
		53067741247EC3DD003405F5 /* RSPreferenceManager.m in Sources */ = {isa = PBXBuildFile; fileRef = 530676B9247EC3DC003405F5 /* RSPreferenceManager.m */; };
		53067742247EC3DD003405F5 /* RSConfigBuilder.m in Sources */ = {isa = PBXBuildFile; fileRef = 530676BB247EC3DC003405F5 /* RSConfigBuilder.m */; };
		53067743247EC3DD003405F5 /* RSContext.m in Sources */ = {isa = PBXBuildFile; fileRef = 530676BC247EC3DC003405F5 /* RSContext.m */; };
		53067744247EC3DD003405F5 /* RSECommerceWishListBuilder.m in Sources */ = {isa = PBXBuildFile; fileRef = 530676C0247EC3DC003405F5 /* RSECommerceWishListBuilder.m */; };
		53067745247EC3DD003405F5 /* RSECommerceCheckoutBuilder.m in Sources */ = {isa = PBXBuildFile; fileRef = 530676C4247EC3DC003405F5 /* RSECommerceCheckoutBuilder.m */; };
		53067746247EC3DD003405F5 /* RSECommerceCouponBuilder.m in Sources */ = {isa = PBXBuildFile; fileRef = 530676C5247EC3DC003405F5 /* RSECommerceCouponBuilder.m */; };
		53067747247EC3DD003405F5 /* RSECommerceCart.m in Sources */ = {isa = PBXBuildFile; fileRef = 530676C8247EC3DC003405F5 /* RSECommerceCart.m */; };
		53067748247EC3DD003405F5 /* RSECommercePromotion.m in Sources */ = {isa = PBXBuildFile; fileRef = 530676C9247EC3DC003405F5 /* RSECommercePromotion.m */; };
		53067749247EC3DD003405F5 /* RSECommerceFilter.m in Sources */ = {isa = PBXBuildFile; fileRef = 530676CA247EC3DC003405F5 /* RSECommerceFilter.m */; };
		5306774A247EC3DD003405F5 /* RSECommerceSortBuilder.m in Sources */ = {isa = PBXBuildFile; fileRef = 530676CC247EC3DC003405F5 /* RSECommerceSortBuilder.m */; };
		5306774B247EC3DD003405F5 /* RSECommerceSort.m in Sources */ = {isa = PBXBuildFile; fileRef = 530676D0247EC3DC003405F5 /* RSECommerceSort.m */; };
		5306774C247EC3DD003405F5 /* RSECommercePromotionBuilder.m in Sources */ = {isa = PBXBuildFile; fileRef = 530676D1247EC3DC003405F5 /* RSECommercePromotionBuilder.m */; };
		5306774D247EC3DD003405F5 /* RSECommerceProduct.m in Sources */ = {isa = PBXBuildFile; fileRef = 530676D3247EC3DC003405F5 /* RSECommerceProduct.m */; };
		5306774E247EC3DD003405F5 /* RSECommerceEvents.m in Sources */ = {isa = PBXBuildFile; fileRef = 530676D4247EC3DC003405F5 /* RSECommerceEvents.m */; };
		5306774F247EC3DD003405F5 /* RSECommerceProductBuilder.m in Sources */ = {isa = PBXBuildFile; fileRef = 530676D5247EC3DC003405F5 /* RSECommerceProductBuilder.m */; };
		53067750247EC3DD003405F5 /* RSECommerceCartBuilder.m in Sources */ = {isa = PBXBuildFile; fileRef = 530676D7247EC3DC003405F5 /* RSECommerceCartBuilder.m */; };
		53067751247EC3DD003405F5 /* RSECommerceParamNames.m in Sources */ = {isa = PBXBuildFile; fileRef = 530676D8247EC3DC003405F5 /* RSECommerceParamNames.m */; };
		53067752247EC3DD003405F5 /* RSECommerceCoupon.m in Sources */ = {isa = PBXBuildFile; fileRef = 530676DD247EC3DC003405F5 /* RSECommerceCoupon.m */; };
		53067753247EC3DD003405F5 /* RSECommerceOrder.m in Sources */ = {isa = PBXBuildFile; fileRef = 530676DE247EC3DC003405F5 /* RSECommerceOrder.m */; };
		53067754247EC3DD003405F5 /* RSECommerceFilterBuilder.m in Sources */ = {isa = PBXBuildFile; fileRef = 530676E1247EC3DC003405F5 /* RSECommerceFilterBuilder.m */; };
		53067755247EC3DD003405F5 /* RSPromotionClickedEvent.m in Sources */ = {isa = PBXBuildFile; fileRef = 530676E4247EC3DC003405F5 /* RSPromotionClickedEvent.m */; };
		53067756247EC3DD003405F5 /* RSCouponRemovedEvent.m in Sources */ = {isa = PBXBuildFile; fileRef = 530676E5247EC3DC003405F5 /* RSCouponRemovedEvent.m */; };
		53067757247EC3DD003405F5 /* RSCartSharedEvent.m in Sources */ = {isa = PBXBuildFile; fileRef = 530676E6247EC3DC003405F5 /* RSCartSharedEvent.m */; };
		53067758247EC3DD003405F5 /* RSProductAddedToCartEvent.m in Sources */ = {isa = PBXBuildFile; fileRef = 530676E7247EC3DC003405F5 /* RSProductAddedToCartEvent.m */; };
		53067759247EC3DD003405F5 /* RSProductAddedToWishListEvent.m in Sources */ = {isa = PBXBuildFile; fileRef = 530676E8247EC3DC003405F5 /* RSProductAddedToWishListEvent.m */; };
		5306775A247EC3DD003405F5 /* RSProductSearchedEvent.m in Sources */ = {isa = PBXBuildFile; fileRef = 530676E9247EC3DC003405F5 /* RSProductSearchedEvent.m */; };
		5306775B247EC3DD003405F5 /* RSOrderUpdatedEvent.m in Sources */ = {isa = PBXBuildFile; fileRef = 530676EA247EC3DC003405F5 /* RSOrderUpdatedEvent.m */; };
		5306775C247EC3DD003405F5 /* RSCheckoutStartedEvent.m in Sources */ = {isa = PBXBuildFile; fileRef = 530676EB247EC3DC003405F5 /* RSCheckoutStartedEvent.m */; };
		5306775D247EC3DD003405F5 /* RSPromotionViewedEvent.m in Sources */ = {isa = PBXBuildFile; fileRef = 530676EC247EC3DC003405F5 /* RSPromotionViewedEvent.m */; };
		5306775E247EC3DD003405F5 /* RSCouponAppliedEvent.m in Sources */ = {isa = PBXBuildFile; fileRef = 530676F1247EC3DC003405F5 /* RSCouponAppliedEvent.m */; };
		5306775F247EC3DD003405F5 /* RSCouponDeniedEvent.m in Sources */ = {isa = PBXBuildFile; fileRef = 530676F3247EC3DC003405F5 /* RSCouponDeniedEvent.m */; };
		53067760247EC3DD003405F5 /* RSOrderRefundedEvent.m in Sources */ = {isa = PBXBuildFile; fileRef = 530676F4247EC3DC003405F5 /* RSOrderRefundedEvent.m */; };
		53067761247EC3DD003405F5 /* RSProductRemovedFromWishListEvent.m in Sources */ = {isa = PBXBuildFile; fileRef = 530676F6247EC3DC003405F5 /* RSProductRemovedFromWishListEvent.m */; };
		53067762247EC3DD003405F5 /* RSCheckoutStepCompletedEvent.m in Sources */ = {isa = PBXBuildFile; fileRef = 530676F7247EC3DC003405F5 /* RSCheckoutStepCompletedEvent.m */; };
		53067763247EC3DD003405F5 /* RSOrderCompletedEvent.m in Sources */ = {isa = PBXBuildFile; fileRef = 530676F8247EC3DC003405F5 /* RSOrderCompletedEvent.m */; };
		53067764247EC3DD003405F5 /* RSWishListProductAddedToCartEvent.m in Sources */ = {isa = PBXBuildFile; fileRef = 530676F9247EC3DC003405F5 /* RSWishListProductAddedToCartEvent.m */; };
		53067765247EC3DD003405F5 /* RSProductSharedEvent.m in Sources */ = {isa = PBXBuildFile; fileRef = 530676FA247EC3DC003405F5 /* RSProductSharedEvent.m */; };
		53067766247EC3DD003405F5 /* RSProductListViewedEvent.m in Sources */ = {isa = PBXBuildFile; fileRef = 530676FB247EC3DC003405F5 /* RSProductListViewedEvent.m */; };
		53067767247EC3DD003405F5 /* RSProductReviewedEvent.m in Sources */ = {isa = PBXBuildFile; fileRef = 530676FC247EC3DC003405F5 /* RSProductReviewedEvent.m */; };
		53067768247EC3DD003405F5 /* RSProductClickedEvent.m in Sources */ = {isa = PBXBuildFile; fileRef = 530676FE247EC3DC003405F5 /* RSProductClickedEvent.m */; };
		53067769247EC3DD003405F5 /* RSProductRemovedEvent.m in Sources */ = {isa = PBXBuildFile; fileRef = 530676FF247EC3DC003405F5 /* RSProductRemovedEvent.m */; };
		5306776A247EC3DD003405F5 /* RSCouponEnteredEvent.m in Sources */ = {isa = PBXBuildFile; fileRef = 53067700247EC3DC003405F5 /* RSCouponEnteredEvent.m */; };
		5306776B247EC3DD003405F5 /* RSProductListFilteredEvent.m in Sources */ = {isa = PBXBuildFile; fileRef = 53067709247EC3DC003405F5 /* RSProductListFilteredEvent.m */; };
		5306776C247EC3DD003405F5 /* RSOrderCancelledEvent.m in Sources */ = {isa = PBXBuildFile; fileRef = 5306770C247EC3DC003405F5 /* RSOrderCancelledEvent.m */; };
		5306776D247EC3DD003405F5 /* RSCheckoutStepViewedEvent.m in Sources */ = {isa = PBXBuildFile; fileRef = 5306770E247EC3DD003405F5 /* RSCheckoutStepViewedEvent.m */; };
		5306776E247EC3DD003405F5 /* RSProductViewedEvent.m in Sources */ = {isa = PBXBuildFile; fileRef = 5306770F247EC3DD003405F5 /* RSProductViewedEvent.m */; };
		5306776F247EC3DD003405F5 /* RSPaymentInfoEnteredEvent.m in Sources */ = {isa = PBXBuildFile; fileRef = 53067714247EC3DD003405F5 /* RSPaymentInfoEnteredEvent.m */; };
		53067770247EC3DD003405F5 /* RSCartViewedEvent.m in Sources */ = {isa = PBXBuildFile; fileRef = 53067718247EC3DD003405F5 /* RSCartViewedEvent.m */; };
		53067771247EC3DD003405F5 /* RSECommerceCheckout.m in Sources */ = {isa = PBXBuildFile; fileRef = 5306771B247EC3DD003405F5 /* RSECommerceCheckout.m */; };
		53067772247EC3DD003405F5 /* RSECommerceOrderBuilder.m in Sources */ = {isa = PBXBuildFile; fileRef = 5306771C247EC3DD003405F5 /* RSECommerceOrderBuilder.m */; };
		53067773247EC3DD003405F5 /* RSECommerceWishList.m in Sources */ = {isa = PBXBuildFile; fileRef = 5306771F247EC3DD003405F5 /* RSECommerceWishList.m */; };
		53067774247EC3DD003405F5 /* RSElementCache.m in Sources */ = {isa = PBXBuildFile; fileRef = 53067720247EC3DD003405F5 /* RSElementCache.m */; };
		53067775247EC3DD003405F5 /* RSMessage.m in Sources */ = {isa = PBXBuildFile; fileRef = 53067721247EC3DD003405F5 /* RSMessage.m */; };
		53067776247EC3DD003405F5 /* RSEventRepository.m in Sources */ = {isa = PBXBuildFile; fileRef = 53067722247EC3DD003405F5 /* RSEventRepository.m */; };
		53067777247EC3DD003405F5 /* RSScreenPropertyBuilder.m in Sources */ = {isa = PBXBuildFile; fileRef = 53067725247EC3DD003405F5 /* RSScreenPropertyBuilder.m */; };
		53067778247EC3DD003405F5 /* RSLogger.m in Sources */ = {isa = PBXBuildFile; fileRef = 53067727247EC3DD003405F5 /* RSLogger.m */; };
		OBJ_37 /* Package.swift in Sources */ = {isa = PBXBuildFile; fileRef = OBJ_6 /* Package.swift */; };
		OBJ_51 /* rudder_sdk_ios.framework in Frameworks */ = {isa = PBXBuildFile; fileRef = "rudder-sdk-ios::rudder-sdk-ios::Product" /* rudder_sdk_ios.framework */; };
/* End PBXBuildFile section */

/* Begin PBXContainerItemProxy section */
		5306767B247EC3C2003405F5 /* PBXContainerItemProxy */ = {
			isa = PBXContainerItemProxy;
			containerPortal = OBJ_1 /* Project object */;
			proxyType = 1;
			remoteGlobalIDString = "rudder-sdk-ios::rudder-sdk-ios";
			remoteInfo = "rudder-sdk-ios";
		};
		5306767C247EC3C3003405F5 /* PBXContainerItemProxy */ = {
			isa = PBXContainerItemProxy;
			containerPortal = OBJ_1 /* Project object */;
			proxyType = 1;
			remoteGlobalIDString = "rudder-sdk-ios::rudder-sdk-iosTests";
			remoteInfo = "rudder-sdk-iosTests";
		};
/* End PBXContainerItemProxy section */

/* Begin PBXFileReference section */
		53067680247EC3DC003405F5 /* RSServerConfigSource.m */ = {isa = PBXFileReference; fileEncoding = 4; lastKnownFileType = sourcecode.c.objc; path = RSServerConfigSource.m; sourceTree = "<group>"; };
		53067681247EC3DC003405F5 /* RSTraits.m */ = {isa = PBXFileReference; fileEncoding = 4; lastKnownFileType = sourcecode.c.objc; path = RSTraits.m; sourceTree = "<group>"; };
		53067682247EC3DC003405F5 /* RSLibraryInfo.m */ = {isa = PBXFileReference; fileEncoding = 4; lastKnownFileType = sourcecode.c.objc; path = RSLibraryInfo.m; sourceTree = "<group>"; };
		53067683247EC3DC003405F5 /* RSMessageType.h */ = {isa = PBXFileReference; fileEncoding = 4; lastKnownFileType = sourcecode.c.h; path = RSMessageType.h; sourceTree = "<group>"; };
		53067684247EC3DC003405F5 /* RSDBPersistentManager.m */ = {isa = PBXFileReference; fileEncoding = 4; lastKnownFileType = sourcecode.c.objc; path = RSDBPersistentManager.m; sourceTree = "<group>"; };
		53067685247EC3DC003405F5 /* RSConfig.m */ = {isa = PBXFileReference; fileEncoding = 4; lastKnownFileType = sourcecode.c.objc; path = RSConfig.m; sourceTree = "<group>"; };
		53067686247EC3DC003405F5 /* RSNetwork.m */ = {isa = PBXFileReference; fileEncoding = 4; lastKnownFileType = sourcecode.c.objc; path = RSNetwork.m; sourceTree = "<group>"; };
		53067687247EC3DC003405F5 /* RSApp.m */ = {isa = PBXFileReference; fileEncoding = 4; lastKnownFileType = sourcecode.c.objc; path = RSApp.m; sourceTree = "<group>"; };
		53067688247EC3DC003405F5 /* RSDeviceInfo.h */ = {isa = PBXFileReference; fileEncoding = 4; lastKnownFileType = sourcecode.c.h; path = RSDeviceInfo.h; sourceTree = "<group>"; };
		53067689247EC3DC003405F5 /* RSProperty.h */ = {isa = PBXFileReference; fileEncoding = 4; lastKnownFileType = sourcecode.c.h; path = RSProperty.h; sourceTree = "<group>"; };
		5306768A247EC3DC003405F5 /* RSServerDestination.m */ = {isa = PBXFileReference; fileEncoding = 4; lastKnownFileType = sourcecode.c.objc; path = RSServerDestination.m; sourceTree = "<group>"; };
		5306768B247EC3DC003405F5 /* RSOSInfo.m */ = {isa = PBXFileReference; fileEncoding = 4; lastKnownFileType = sourcecode.c.objc; path = RSOSInfo.m; sourceTree = "<group>"; };
		5306768C247EC3DC003405F5 /* RSOption.h */ = {isa = PBXFileReference; fileEncoding = 4; lastKnownFileType = sourcecode.c.h; path = RSOption.h; sourceTree = "<group>"; };
		5306768D247EC3DC003405F5 /* RSMessageBuilder.h */ = {isa = PBXFileReference; fileEncoding = 4; lastKnownFileType = sourcecode.c.h; path = RSMessageBuilder.h; sourceTree = "<group>"; };
		5306768E247EC3DC003405F5 /* RSConstants.h */ = {isa = PBXFileReference; fileEncoding = 4; lastKnownFileType = sourcecode.c.h; path = RSConstants.h; sourceTree = "<group>"; };
		5306768F247EC3DC003405F5 /* RSClient.m */ = {isa = PBXFileReference; fileEncoding = 4; lastKnownFileType = sourcecode.c.objc; path = RSClient.m; sourceTree = "<group>"; };
		53067690247EC3DC003405F5 /* RSTraitsBuilder.m */ = {isa = PBXFileReference; fileEncoding = 4; lastKnownFileType = sourcecode.c.objc; path = RSTraitsBuilder.m; sourceTree = "<group>"; };
		53067691247EC3DC003405F5 /* RSServerConfigManager.h */ = {isa = PBXFileReference; fileEncoding = 4; lastKnownFileType = sourcecode.c.h; path = RSServerConfigManager.h; sourceTree = "<group>"; };
		53067692247EC3DC003405F5 /* Rudder.h */ = {isa = PBXFileReference; fileEncoding = 4; lastKnownFileType = sourcecode.c.h; path = Rudder.h; sourceTree = "<group>"; };
		53067693247EC3DC003405F5 /* RSContext.h */ = {isa = PBXFileReference; fileEncoding = 4; lastKnownFileType = sourcecode.c.h; path = RSContext.h; sourceTree = "<group>"; };
		53067694247EC3DC003405F5 /* RSUtils.m */ = {isa = PBXFileReference; fileEncoding = 4; lastKnownFileType = sourcecode.c.objc; path = RSUtils.m; sourceTree = "<group>"; };
		53067695247EC3DC003405F5 /* RSConfigBuilder.h */ = {isa = PBXFileReference; fileEncoding = 4; lastKnownFileType = sourcecode.c.h; path = RSConfigBuilder.h; sourceTree = "<group>"; };
		53067696247EC3DC003405F5 /* RSTrackPropertyBuilder.m */ = {isa = PBXFileReference; fileEncoding = 4; lastKnownFileType = sourcecode.c.objc; path = RSTrackPropertyBuilder.m; sourceTree = "<group>"; };
		53067697247EC3DC003405F5 /* RSPreferenceManager.h */ = {isa = PBXFileReference; fileEncoding = 4; lastKnownFileType = sourcecode.c.h; path = RSPreferenceManager.h; sourceTree = "<group>"; };
		53067698247EC3DC003405F5 /* RSScreenInfo.h */ = {isa = PBXFileReference; fileEncoding = 4; lastKnownFileType = sourcecode.c.h; path = RSScreenInfo.h; sourceTree = "<group>"; };
		53067699247EC3DC003405F5 /* RSServerDestinationDefinition.h */ = {isa = PBXFileReference; fileEncoding = 4; lastKnownFileType = sourcecode.c.h; path = RSServerDestinationDefinition.h; sourceTree = "<group>"; };
		5306769B247EC3DC003405F5 /* RSLogger.h */ = {isa = PBXFileReference; fileEncoding = 4; lastKnownFileType = sourcecode.c.h; path = RSLogger.h; sourceTree = "<group>"; };
		5306769C247EC3DC003405F5 /* RSDBMessage.m */ = {isa = PBXFileReference; fileEncoding = 4; lastKnownFileType = sourcecode.c.objc; path = RSDBMessage.m; sourceTree = "<group>"; };
		5306769D247EC3DC003405F5 /* RSScreenPropertyBuilder.h */ = {isa = PBXFileReference; fileEncoding = 4; lastKnownFileType = sourcecode.c.h; path = RSScreenPropertyBuilder.h; sourceTree = "<group>"; };
		5306769E247EC3DC003405F5 /* UIViewController+RSScreen.m */ = {isa = PBXFileReference; fileEncoding = 4; lastKnownFileType = sourcecode.c.objc; path = "UIViewController+RSScreen.m"; sourceTree = "<group>"; };
		5306769F247EC3DC003405F5 /* RSPagePropertyBuilder.m */ = {isa = PBXFileReference; fileEncoding = 4; lastKnownFileType = sourcecode.c.objc; path = RSPagePropertyBuilder.m; sourceTree = "<group>"; };
		530676A0247EC3DC003405F5 /* RSEventRepository.h */ = {isa = PBXFileReference; fileEncoding = 4; lastKnownFileType = sourcecode.c.h; path = RSEventRepository.h; sourceTree = "<group>"; };
		530676A1247EC3DC003405F5 /* RSElementCache.h */ = {isa = PBXFileReference; fileEncoding = 4; lastKnownFileType = sourcecode.c.h; path = RSElementCache.h; sourceTree = "<group>"; };
		530676A2247EC3DC003405F5 /* RSMessage.h */ = {isa = PBXFileReference; fileEncoding = 4; lastKnownFileType = sourcecode.c.h; path = RSMessage.h; sourceTree = "<group>"; };
		530676A3247EC3DC003405F5 /* RSDeviceInfo.m */ = {isa = PBXFileReference; fileEncoding = 4; lastKnownFileType = sourcecode.c.objc; path = RSDeviceInfo.m; sourceTree = "<group>"; };
		530676A4247EC3DC003405F5 /* RSApp.h */ = {isa = PBXFileReference; fileEncoding = 4; lastKnownFileType = sourcecode.c.h; path = RSApp.h; sourceTree = "<group>"; };
		530676A5247EC3DC003405F5 /* RSIntegrationFactory.h */ = {isa = PBXFileReference; fileEncoding = 4; lastKnownFileType = sourcecode.c.h; path = RSIntegrationFactory.h; sourceTree = "<group>"; };
		530676A6247EC3DC003405F5 /* RSNetwork.h */ = {isa = PBXFileReference; fileEncoding = 4; lastKnownFileType = sourcecode.c.h; path = RSNetwork.h; sourceTree = "<group>"; };
		530676A7247EC3DC003405F5 /* RSConfig.h */ = {isa = PBXFileReference; fileEncoding = 4; lastKnownFileType = sourcecode.c.h; path = RSConfig.h; sourceTree = "<group>"; };
		530676A8247EC3DC003405F5 /* RSDBPersistentManager.h */ = {isa = PBXFileReference; fileEncoding = 4; lastKnownFileType = sourcecode.c.h; path = RSDBPersistentManager.h; sourceTree = "<group>"; };
		530676A9247EC3DC003405F5 /* RSLibraryInfo.h */ = {isa = PBXFileReference; fileEncoding = 4; lastKnownFileType = sourcecode.c.h; path = RSLibraryInfo.h; sourceTree = "<group>"; };
		530676AA247EC3DC003405F5 /* RSMessageType.m */ = {isa = PBXFileReference; fileEncoding = 4; lastKnownFileType = sourcecode.c.objc; path = RSMessageType.m; sourceTree = "<group>"; };
		530676AB247EC3DC003405F5 /* RSServerConfigSource.h */ = {isa = PBXFileReference; fileEncoding = 4; lastKnownFileType = sourcecode.c.h; path = RSServerConfigSource.h; sourceTree = "<group>"; };
		530676AC247EC3DC003405F5 /* RSTraits.h */ = {isa = PBXFileReference; fileEncoding = 4; lastKnownFileType = sourcecode.c.h; path = RSTraits.h; sourceTree = "<group>"; };
		530676AD247EC3DC003405F5 /* RSClient.h */ = {isa = PBXFileReference; fileEncoding = 4; lastKnownFileType = sourcecode.c.h; path = RSClient.h; sourceTree = "<group>"; };
		530676AE247EC3DC003405F5 /* RSTraitsBuilder.h */ = {isa = PBXFileReference; fileEncoding = 4; lastKnownFileType = sourcecode.c.h; path = RSTraitsBuilder.h; sourceTree = "<group>"; };
		530676AF247EC3DC003405F5 /* RSServerConfigManager.m */ = {isa = PBXFileReference; fileEncoding = 4; lastKnownFileType = sourcecode.c.objc; path = RSServerConfigManager.m; sourceTree = "<group>"; };
		530676B0247EC3DC003405F5 /* RSIntegration.h */ = {isa = PBXFileReference; fileEncoding = 4; lastKnownFileType = sourcecode.c.h; path = RSIntegration.h; sourceTree = "<group>"; };
		530676B1247EC3DC003405F5 /* RSConstants.m */ = {isa = PBXFileReference; fileEncoding = 4; lastKnownFileType = sourcecode.c.objc; path = RSConstants.m; sourceTree = "<group>"; };
		530676B2247EC3DC003405F5 /* RSOption.m */ = {isa = PBXFileReference; fileEncoding = 4; lastKnownFileType = sourcecode.c.objc; path = RSOption.m; sourceTree = "<group>"; };
		530676B3247EC3DC003405F5 /* RSMessageBuilder.m */ = {isa = PBXFileReference; fileEncoding = 4; lastKnownFileType = sourcecode.c.objc; path = RSMessageBuilder.m; sourceTree = "<group>"; };
		530676B4247EC3DC003405F5 /* RSOSInfo.h */ = {isa = PBXFileReference; fileEncoding = 4; lastKnownFileType = sourcecode.c.h; path = RSOSInfo.h; sourceTree = "<group>"; };
		530676B5247EC3DC003405F5 /* RSServerDestination.h */ = {isa = PBXFileReference; fileEncoding = 4; lastKnownFileType = sourcecode.c.h; path = RSServerDestination.h; sourceTree = "<group>"; };
		530676B6247EC3DC003405F5 /* RSProperty.m */ = {isa = PBXFileReference; fileEncoding = 4; lastKnownFileType = sourcecode.c.objc; path = RSProperty.m; sourceTree = "<group>"; };
		530676B7247EC3DC003405F5 /* RSServerDestinationDefinition.m */ = {isa = PBXFileReference; fileEncoding = 4; lastKnownFileType = sourcecode.c.objc; path = RSServerDestinationDefinition.m; sourceTree = "<group>"; };
		530676B8247EC3DC003405F5 /* RSScreenInfo.m */ = {isa = PBXFileReference; fileEncoding = 4; lastKnownFileType = sourcecode.c.objc; path = RSScreenInfo.m; sourceTree = "<group>"; };
		530676B9247EC3DC003405F5 /* RSPreferenceManager.m */ = {isa = PBXFileReference; fileEncoding = 4; lastKnownFileType = sourcecode.c.objc; path = RSPreferenceManager.m; sourceTree = "<group>"; };
		530676BA247EC3DC003405F5 /* RSTrackPropertyBuilder.h */ = {isa = PBXFileReference; fileEncoding = 4; lastKnownFileType = sourcecode.c.h; path = RSTrackPropertyBuilder.h; sourceTree = "<group>"; };
		530676BB247EC3DC003405F5 /* RSConfigBuilder.m */ = {isa = PBXFileReference; fileEncoding = 4; lastKnownFileType = sourcecode.c.objc; path = RSConfigBuilder.m; sourceTree = "<group>"; };
		530676BC247EC3DC003405F5 /* RSContext.m */ = {isa = PBXFileReference; fileEncoding = 4; lastKnownFileType = sourcecode.c.objc; path = RSContext.m; sourceTree = "<group>"; };
		530676BD247EC3DC003405F5 /* RSUtils.h */ = {isa = PBXFileReference; fileEncoding = 4; lastKnownFileType = sourcecode.c.h; path = RSUtils.h; sourceTree = "<group>"; };
		530676BF247EC3DC003405F5 /* RSECommerceCartBuilder.h */ = {isa = PBXFileReference; fileEncoding = 4; lastKnownFileType = sourcecode.c.h; path = RSECommerceCartBuilder.h; sourceTree = "<group>"; };
		530676C0247EC3DC003405F5 /* RSECommerceWishListBuilder.m */ = {isa = PBXFileReference; fileEncoding = 4; lastKnownFileType = sourcecode.c.objc; path = RSECommerceWishListBuilder.m; sourceTree = "<group>"; };
		530676C1247EC3DC003405F5 /* RSECommerceProductBuilder.h */ = {isa = PBXFileReference; fileEncoding = 4; lastKnownFileType = sourcecode.c.h; path = RSECommerceProductBuilder.h; sourceTree = "<group>"; };
		530676C2247EC3DC003405F5 /* RSECommerceEvents.h */ = {isa = PBXFileReference; fileEncoding = 4; lastKnownFileType = sourcecode.c.h; path = RSECommerceEvents.h; sourceTree = "<group>"; };
		530676C3247EC3DC003405F5 /* RSECommerceProduct.h */ = {isa = PBXFileReference; fileEncoding = 4; lastKnownFileType = sourcecode.c.h; path = RSECommerceProduct.h; sourceTree = "<group>"; };
		530676C4247EC3DC003405F5 /* RSECommerceCheckoutBuilder.m */ = {isa = PBXFileReference; fileEncoding = 4; lastKnownFileType = sourcecode.c.objc; path = RSECommerceCheckoutBuilder.m; sourceTree = "<group>"; };
		530676C5247EC3DC003405F5 /* RSECommerceCouponBuilder.m */ = {isa = PBXFileReference; fileEncoding = 4; lastKnownFileType = sourcecode.c.objc; path = RSECommerceCouponBuilder.m; sourceTree = "<group>"; };
		530676C6247EC3DC003405F5 /* RSECommerceOrder.h */ = {isa = PBXFileReference; fileEncoding = 4; lastKnownFileType = sourcecode.c.h; path = RSECommerceOrder.h; sourceTree = "<group>"; };
		530676C7247EC3DC003405F5 /* RSECommerceCoupon.h */ = {isa = PBXFileReference; fileEncoding = 4; lastKnownFileType = sourcecode.c.h; path = RSECommerceCoupon.h; sourceTree = "<group>"; };
		530676C8247EC3DC003405F5 /* RSECommerceCart.m */ = {isa = PBXFileReference; fileEncoding = 4; lastKnownFileType = sourcecode.c.objc; path = RSECommerceCart.m; sourceTree = "<group>"; };
		530676C9247EC3DC003405F5 /* RSECommercePromotion.m */ = {isa = PBXFileReference; fileEncoding = 4; lastKnownFileType = sourcecode.c.objc; path = RSECommercePromotion.m; sourceTree = "<group>"; };
		530676CA247EC3DC003405F5 /* RSECommerceFilter.m */ = {isa = PBXFileReference; fileEncoding = 4; lastKnownFileType = sourcecode.c.objc; path = RSECommerceFilter.m; sourceTree = "<group>"; };
		530676CB247EC3DC003405F5 /* RSECommerceParamNames.h */ = {isa = PBXFileReference; fileEncoding = 4; lastKnownFileType = sourcecode.c.h; path = RSECommerceParamNames.h; sourceTree = "<group>"; };
		530676CC247EC3DC003405F5 /* RSECommerceSortBuilder.m */ = {isa = PBXFileReference; fileEncoding = 4; lastKnownFileType = sourcecode.c.objc; path = RSECommerceSortBuilder.m; sourceTree = "<group>"; };
		530676CD247EC3DC003405F5 /* RSECommerceCheckout.h */ = {isa = PBXFileReference; fileEncoding = 4; lastKnownFileType = sourcecode.c.h; path = RSECommerceCheckout.h; sourceTree = "<group>"; };
		530676CE247EC3DC003405F5 /* RSECommerceFilterBuilder.h */ = {isa = PBXFileReference; fileEncoding = 4; lastKnownFileType = sourcecode.c.h; path = RSECommerceFilterBuilder.h; sourceTree = "<group>"; };
		530676CF247EC3DC003405F5 /* RSECommerceWishList.h */ = {isa = PBXFileReference; fileEncoding = 4; lastKnownFileType = sourcecode.c.h; path = RSECommerceWishList.h; sourceTree = "<group>"; };
		530676D0247EC3DC003405F5 /* RSECommerceSort.m */ = {isa = PBXFileReference; fileEncoding = 4; lastKnownFileType = sourcecode.c.objc; path = RSECommerceSort.m; sourceTree = "<group>"; };
		530676D1247EC3DC003405F5 /* RSECommercePromotionBuilder.m */ = {isa = PBXFileReference; fileEncoding = 4; lastKnownFileType = sourcecode.c.objc; path = RSECommercePromotionBuilder.m; sourceTree = "<group>"; };
		530676D2247EC3DC003405F5 /* RSECommerceOrderBuilder.h */ = {isa = PBXFileReference; fileEncoding = 4; lastKnownFileType = sourcecode.c.h; path = RSECommerceOrderBuilder.h; sourceTree = "<group>"; };
		530676D3247EC3DC003405F5 /* RSECommerceProduct.m */ = {isa = PBXFileReference; fileEncoding = 4; lastKnownFileType = sourcecode.c.objc; path = RSECommerceProduct.m; sourceTree = "<group>"; };
		530676D4247EC3DC003405F5 /* RSECommerceEvents.m */ = {isa = PBXFileReference; fileEncoding = 4; lastKnownFileType = sourcecode.c.objc; path = RSECommerceEvents.m; sourceTree = "<group>"; };
		530676D5247EC3DC003405F5 /* RSECommerceProductBuilder.m */ = {isa = PBXFileReference; fileEncoding = 4; lastKnownFileType = sourcecode.c.objc; path = RSECommerceProductBuilder.m; sourceTree = "<group>"; };
		530676D6247EC3DC003405F5 /* RSECommerceWishListBuilder.h */ = {isa = PBXFileReference; fileEncoding = 4; lastKnownFileType = sourcecode.c.h; path = RSECommerceWishListBuilder.h; sourceTree = "<group>"; };
		530676D7247EC3DC003405F5 /* RSECommerceCartBuilder.m */ = {isa = PBXFileReference; fileEncoding = 4; lastKnownFileType = sourcecode.c.objc; path = RSECommerceCartBuilder.m; sourceTree = "<group>"; };
		530676D8247EC3DC003405F5 /* RSECommerceParamNames.m */ = {isa = PBXFileReference; fileEncoding = 4; lastKnownFileType = sourcecode.c.objc; path = RSECommerceParamNames.m; sourceTree = "<group>"; };
		530676D9247EC3DC003405F5 /* RSECommerceSortBuilder.h */ = {isa = PBXFileReference; fileEncoding = 4; lastKnownFileType = sourcecode.c.h; path = RSECommerceSortBuilder.h; sourceTree = "<group>"; };
		530676DA247EC3DC003405F5 /* RSECommercePromotion.h */ = {isa = PBXFileReference; fileEncoding = 4; lastKnownFileType = sourcecode.c.h; path = RSECommercePromotion.h; sourceTree = "<group>"; };
		530676DB247EC3DC003405F5 /* RSECommerceFilter.h */ = {isa = PBXFileReference; fileEncoding = 4; lastKnownFileType = sourcecode.c.h; path = RSECommerceFilter.h; sourceTree = "<group>"; };
		530676DC247EC3DC003405F5 /* RSECommerceCart.h */ = {isa = PBXFileReference; fileEncoding = 4; lastKnownFileType = sourcecode.c.h; path = RSECommerceCart.h; sourceTree = "<group>"; };
		530676DD247EC3DC003405F5 /* RSECommerceCoupon.m */ = {isa = PBXFileReference; fileEncoding = 4; lastKnownFileType = sourcecode.c.objc; path = RSECommerceCoupon.m; sourceTree = "<group>"; };
		530676DE247EC3DC003405F5 /* RSECommerceOrder.m */ = {isa = PBXFileReference; fileEncoding = 4; lastKnownFileType = sourcecode.c.objc; path = RSECommerceOrder.m; sourceTree = "<group>"; };
		530676DF247EC3DC003405F5 /* RSECommerceCouponBuilder.h */ = {isa = PBXFileReference; fileEncoding = 4; lastKnownFileType = sourcecode.c.h; path = RSECommerceCouponBuilder.h; sourceTree = "<group>"; };
		530676E0247EC3DC003405F5 /* RSECommerceCheckoutBuilder.h */ = {isa = PBXFileReference; fileEncoding = 4; lastKnownFileType = sourcecode.c.h; path = RSECommerceCheckoutBuilder.h; sourceTree = "<group>"; };
		530676E1247EC3DC003405F5 /* RSECommerceFilterBuilder.m */ = {isa = PBXFileReference; fileEncoding = 4; lastKnownFileType = sourcecode.c.objc; path = RSECommerceFilterBuilder.m; sourceTree = "<group>"; };
		530676E3247EC3DC003405F5 /* RSProductListFilteredEvent.h */ = {isa = PBXFileReference; fileEncoding = 4; lastKnownFileType = sourcecode.c.h; path = RSProductListFilteredEvent.h; sourceTree = "<group>"; };
		530676E4247EC3DC003405F5 /* RSPromotionClickedEvent.m */ = {isa = PBXFileReference; fileEncoding = 4; lastKnownFileType = sourcecode.c.objc; path = RSPromotionClickedEvent.m; sourceTree = "<group>"; };
		530676E5247EC3DC003405F5 /* RSCouponRemovedEvent.m */ = {isa = PBXFileReference; fileEncoding = 4; lastKnownFileType = sourcecode.c.objc; path = RSCouponRemovedEvent.m; sourceTree = "<group>"; };
		530676E6247EC3DC003405F5 /* RSCartSharedEvent.m */ = {isa = PBXFileReference; fileEncoding = 4; lastKnownFileType = sourcecode.c.objc; path = RSCartSharedEvent.m; sourceTree = "<group>"; };
		530676E7247EC3DC003405F5 /* RSProductAddedToCartEvent.m */ = {isa = PBXFileReference; fileEncoding = 4; lastKnownFileType = sourcecode.c.objc; path = RSProductAddedToCartEvent.m; sourceTree = "<group>"; };
		530676E8247EC3DC003405F5 /* RSProductAddedToWishListEvent.m */ = {isa = PBXFileReference; fileEncoding = 4; lastKnownFileType = sourcecode.c.objc; path = RSProductAddedToWishListEvent.m; sourceTree = "<group>"; };
		530676E9247EC3DC003405F5 /* RSProductSearchedEvent.m */ = {isa = PBXFileReference; fileEncoding = 4; lastKnownFileType = sourcecode.c.objc; path = RSProductSearchedEvent.m; sourceTree = "<group>"; };
		530676EA247EC3DC003405F5 /* RSOrderUpdatedEvent.m */ = {isa = PBXFileReference; fileEncoding = 4; lastKnownFileType = sourcecode.c.objc; path = RSOrderUpdatedEvent.m; sourceTree = "<group>"; };
		530676EB247EC3DC003405F5 /* RSCheckoutStartedEvent.m */ = {isa = PBXFileReference; fileEncoding = 4; lastKnownFileType = sourcecode.c.objc; path = RSCheckoutStartedEvent.m; sourceTree = "<group>"; };
		530676EC247EC3DC003405F5 /* RSPromotionViewedEvent.m */ = {isa = PBXFileReference; fileEncoding = 4; lastKnownFileType = sourcecode.c.objc; path = RSPromotionViewedEvent.m; sourceTree = "<group>"; };
		530676ED247EC3DC003405F5 /* RSCouponEnteredEvent.h */ = {isa = PBXFileReference; fileEncoding = 4; lastKnownFileType = sourcecode.c.h; path = RSCouponEnteredEvent.h; sourceTree = "<group>"; };
		530676EE247EC3DC003405F5 /* RSProductRemovedEvent.h */ = {isa = PBXFileReference; fileEncoding = 4; lastKnownFileType = sourcecode.c.h; path = RSProductRemovedEvent.h; sourceTree = "<group>"; };
		530676EF247EC3DC003405F5 /* RSCheckoutStepViewedEvent.h */ = {isa = PBXFileReference; fileEncoding = 4; lastKnownFileType = sourcecode.c.h; path = RSCheckoutStepViewedEvent.h; sourceTree = "<group>"; };
		530676F0247EC3DC003405F5 /* RSProductViewedEvent.h */ = {isa = PBXFileReference; fileEncoding = 4; lastKnownFileType = sourcecode.c.h; path = RSProductViewedEvent.h; sourceTree = "<group>"; };
		530676F1247EC3DC003405F5 /* RSCouponAppliedEvent.m */ = {isa = PBXFileReference; fileEncoding = 4; lastKnownFileType = sourcecode.c.objc; path = RSCouponAppliedEvent.m; sourceTree = "<group>"; };
		530676F2247EC3DC003405F5 /* RSOrderCancelledEvent.h */ = {isa = PBXFileReference; fileEncoding = 4; lastKnownFileType = sourcecode.c.h; path = RSOrderCancelledEvent.h; sourceTree = "<group>"; };
		530676F3247EC3DC003405F5 /* RSCouponDeniedEvent.m */ = {isa = PBXFileReference; fileEncoding = 4; lastKnownFileType = sourcecode.c.objc; path = RSCouponDeniedEvent.m; sourceTree = "<group>"; };
		530676F4247EC3DC003405F5 /* RSOrderRefundedEvent.m */ = {isa = PBXFileReference; fileEncoding = 4; lastKnownFileType = sourcecode.c.objc; path = RSOrderRefundedEvent.m; sourceTree = "<group>"; };
		530676F5247EC3DC003405F5 /* RSPaymentInfoEnteredEvent.h */ = {isa = PBXFileReference; fileEncoding = 4; lastKnownFileType = sourcecode.c.h; path = RSPaymentInfoEnteredEvent.h; sourceTree = "<group>"; };
		530676F6247EC3DC003405F5 /* RSProductRemovedFromWishListEvent.m */ = {isa = PBXFileReference; fileEncoding = 4; lastKnownFileType = sourcecode.c.objc; path = RSProductRemovedFromWishListEvent.m; sourceTree = "<group>"; };
		530676F7247EC3DC003405F5 /* RSCheckoutStepCompletedEvent.m */ = {isa = PBXFileReference; fileEncoding = 4; lastKnownFileType = sourcecode.c.objc; path = RSCheckoutStepCompletedEvent.m; sourceTree = "<group>"; };
		530676F8247EC3DC003405F5 /* RSOrderCompletedEvent.m */ = {isa = PBXFileReference; fileEncoding = 4; lastKnownFileType = sourcecode.c.objc; path = RSOrderCompletedEvent.m; sourceTree = "<group>"; };
		530676F9247EC3DC003405F5 /* RSWishListProductAddedToCartEvent.m */ = {isa = PBXFileReference; fileEncoding = 4; lastKnownFileType = sourcecode.c.objc; path = RSWishListProductAddedToCartEvent.m; sourceTree = "<group>"; };
		530676FA247EC3DC003405F5 /* RSProductSharedEvent.m */ = {isa = PBXFileReference; fileEncoding = 4; lastKnownFileType = sourcecode.c.objc; path = RSProductSharedEvent.m; sourceTree = "<group>"; };
		530676FB247EC3DC003405F5 /* RSProductListViewedEvent.m */ = {isa = PBXFileReference; fileEncoding = 4; lastKnownFileType = sourcecode.c.objc; path = RSProductListViewedEvent.m; sourceTree = "<group>"; };
		530676FC247EC3DC003405F5 /* RSProductReviewedEvent.m */ = {isa = PBXFileReference; fileEncoding = 4; lastKnownFileType = sourcecode.c.objc; path = RSProductReviewedEvent.m; sourceTree = "<group>"; };
		530676FD247EC3DC003405F5 /* RSCartViewedEvent.h */ = {isa = PBXFileReference; fileEncoding = 4; lastKnownFileType = sourcecode.c.h; path = RSCartViewedEvent.h; sourceTree = "<group>"; };
		530676FE247EC3DC003405F5 /* RSProductClickedEvent.m */ = {isa = PBXFileReference; fileEncoding = 4; lastKnownFileType = sourcecode.c.objc; path = RSProductClickedEvent.m; sourceTree = "<group>"; };
		530676FF247EC3DC003405F5 /* RSProductRemovedEvent.m */ = {isa = PBXFileReference; fileEncoding = 4; lastKnownFileType = sourcecode.c.objc; path = RSProductRemovedEvent.m; sourceTree = "<group>"; };
		53067700247EC3DC003405F5 /* RSCouponEnteredEvent.m */ = {isa = PBXFileReference; fileEncoding = 4; lastKnownFileType = sourcecode.c.objc; path = RSCouponEnteredEvent.m; sourceTree = "<group>"; };
		53067701247EC3DC003405F5 /* RSPromotionViewedEvent.h */ = {isa = PBXFileReference; fileEncoding = 4; lastKnownFileType = sourcecode.c.h; path = RSPromotionViewedEvent.h; sourceTree = "<group>"; };
		53067702247EC3DC003405F5 /* RSCheckoutStartedEvent.h */ = {isa = PBXFileReference; fileEncoding = 4; lastKnownFileType = sourcecode.c.h; path = RSCheckoutStartedEvent.h; sourceTree = "<group>"; };
		53067703247EC3DC003405F5 /* RSOrderUpdatedEvent.h */ = {isa = PBXFileReference; fileEncoding = 4; lastKnownFileType = sourcecode.c.h; path = RSOrderUpdatedEvent.h; sourceTree = "<group>"; };
		53067704247EC3DC003405F5 /* RSProductSearchedEvent.h */ = {isa = PBXFileReference; fileEncoding = 4; lastKnownFileType = sourcecode.c.h; path = RSProductSearchedEvent.h; sourceTree = "<group>"; };
		53067705247EC3DC003405F5 /* RSProductAddedToWishListEvent.h */ = {isa = PBXFileReference; fileEncoding = 4; lastKnownFileType = sourcecode.c.h; path = RSProductAddedToWishListEvent.h; sourceTree = "<group>"; };
		53067706247EC3DC003405F5 /* RSProductAddedToCartEvent.h */ = {isa = PBXFileReference; fileEncoding = 4; lastKnownFileType = sourcecode.c.h; path = RSProductAddedToCartEvent.h; sourceTree = "<group>"; };
		53067707247EC3DC003405F5 /* RSCouponRemovedEvent.h */ = {isa = PBXFileReference; fileEncoding = 4; lastKnownFileType = sourcecode.c.h; path = RSCouponRemovedEvent.h; sourceTree = "<group>"; };
		53067708247EC3DC003405F5 /* RSCartSharedEvent.h */ = {isa = PBXFileReference; fileEncoding = 4; lastKnownFileType = sourcecode.c.h; path = RSCartSharedEvent.h; sourceTree = "<group>"; };
		53067709247EC3DC003405F5 /* RSProductListFilteredEvent.m */ = {isa = PBXFileReference; fileEncoding = 4; lastKnownFileType = sourcecode.c.objc; path = RSProductListFilteredEvent.m; sourceTree = "<group>"; };
		5306770A247EC3DC003405F5 /* RSPromotionClickedEvent.h */ = {isa = PBXFileReference; fileEncoding = 4; lastKnownFileType = sourcecode.c.h; path = RSPromotionClickedEvent.h; sourceTree = "<group>"; };
		5306770B247EC3DC003405F5 /* RSCouponDeniedEvent.h */ = {isa = PBXFileReference; fileEncoding = 4; lastKnownFileType = sourcecode.c.h; path = RSCouponDeniedEvent.h; sourceTree = "<group>"; };
		5306770C247EC3DC003405F5 /* RSOrderCancelledEvent.m */ = {isa = PBXFileReference; fileEncoding = 4; lastKnownFileType = sourcecode.c.objc; path = RSOrderCancelledEvent.m; sourceTree = "<group>"; };
		5306770D247EC3DD003405F5 /* RSCouponAppliedEvent.h */ = {isa = PBXFileReference; fileEncoding = 4; lastKnownFileType = sourcecode.c.h; path = RSCouponAppliedEvent.h; sourceTree = "<group>"; };
		5306770E247EC3DD003405F5 /* RSCheckoutStepViewedEvent.m */ = {isa = PBXFileReference; fileEncoding = 4; lastKnownFileType = sourcecode.c.objc; path = RSCheckoutStepViewedEvent.m; sourceTree = "<group>"; };
		5306770F247EC3DD003405F5 /* RSProductViewedEvent.m */ = {isa = PBXFileReference; fileEncoding = 4; lastKnownFileType = sourcecode.c.objc; path = RSProductViewedEvent.m; sourceTree = "<group>"; };
		53067710247EC3DD003405F5 /* RSProductSharedEvent.h */ = {isa = PBXFileReference; fileEncoding = 4; lastKnownFileType = sourcecode.c.h; path = RSProductSharedEvent.h; sourceTree = "<group>"; };
		53067711247EC3DD003405F5 /* RSOrderCompletedEvent.h */ = {isa = PBXFileReference; fileEncoding = 4; lastKnownFileType = sourcecode.c.h; path = RSOrderCompletedEvent.h; sourceTree = "<group>"; };
		53067712247EC3DD003405F5 /* RSWishListProductAddedToCartEvent.h */ = {isa = PBXFileReference; fileEncoding = 4; lastKnownFileType = sourcecode.c.h; path = RSWishListProductAddedToCartEvent.h; sourceTree = "<group>"; };
		53067713247EC3DD003405F5 /* RSCheckoutStepCompletedEvent.h */ = {isa = PBXFileReference; fileEncoding = 4; lastKnownFileType = sourcecode.c.h; path = RSCheckoutStepCompletedEvent.h; sourceTree = "<group>"; };
		53067714247EC3DD003405F5 /* RSPaymentInfoEnteredEvent.m */ = {isa = PBXFileReference; fileEncoding = 4; lastKnownFileType = sourcecode.c.objc; path = RSPaymentInfoEnteredEvent.m; sourceTree = "<group>"; };
		53067715247EC3DD003405F5 /* RSProductRemovedFromWishListEvent.h */ = {isa = PBXFileReference; fileEncoding = 4; lastKnownFileType = sourcecode.c.h; path = RSProductRemovedFromWishListEvent.h; sourceTree = "<group>"; };
		53067716247EC3DD003405F5 /* RSOrderRefundedEvent.h */ = {isa = PBXFileReference; fileEncoding = 4; lastKnownFileType = sourcecode.c.h; path = RSOrderRefundedEvent.h; sourceTree = "<group>"; };
		53067717247EC3DD003405F5 /* RSProductClickedEvent.h */ = {isa = PBXFileReference; fileEncoding = 4; lastKnownFileType = sourcecode.c.h; path = RSProductClickedEvent.h; sourceTree = "<group>"; };
		53067718247EC3DD003405F5 /* RSCartViewedEvent.m */ = {isa = PBXFileReference; fileEncoding = 4; lastKnownFileType = sourcecode.c.objc; path = RSCartViewedEvent.m; sourceTree = "<group>"; };
		53067719247EC3DD003405F5 /* RSProductReviewedEvent.h */ = {isa = PBXFileReference; fileEncoding = 4; lastKnownFileType = sourcecode.c.h; path = RSProductReviewedEvent.h; sourceTree = "<group>"; };
		5306771A247EC3DD003405F5 /* RSProductListViewedEvent.h */ = {isa = PBXFileReference; fileEncoding = 4; lastKnownFileType = sourcecode.c.h; path = RSProductListViewedEvent.h; sourceTree = "<group>"; };
		5306771B247EC3DD003405F5 /* RSECommerceCheckout.m */ = {isa = PBXFileReference; fileEncoding = 4; lastKnownFileType = sourcecode.c.objc; path = RSECommerceCheckout.m; sourceTree = "<group>"; };
		5306771C247EC3DD003405F5 /* RSECommerceOrderBuilder.m */ = {isa = PBXFileReference; fileEncoding = 4; lastKnownFileType = sourcecode.c.objc; path = RSECommerceOrderBuilder.m; sourceTree = "<group>"; };
		5306771D247EC3DD003405F5 /* RSECommercePromotionBuilder.h */ = {isa = PBXFileReference; fileEncoding = 4; lastKnownFileType = sourcecode.c.h; path = RSECommercePromotionBuilder.h; sourceTree = "<group>"; };
		5306771E247EC3DD003405F5 /* RSECommerceSort.h */ = {isa = PBXFileReference; fileEncoding = 4; lastKnownFileType = sourcecode.c.h; path = RSECommerceSort.h; sourceTree = "<group>"; };
		5306771F247EC3DD003405F5 /* RSECommerceWishList.m */ = {isa = PBXFileReference; fileEncoding = 4; lastKnownFileType = sourcecode.c.objc; path = RSECommerceWishList.m; sourceTree = "<group>"; };
		53067720247EC3DD003405F5 /* RSElementCache.m */ = {isa = PBXFileReference; fileEncoding = 4; lastKnownFileType = sourcecode.c.objc; path = RSElementCache.m; sourceTree = "<group>"; };
		53067721247EC3DD003405F5 /* RSMessage.m */ = {isa = PBXFileReference; fileEncoding = 4; lastKnownFileType = sourcecode.c.objc; path = RSMessage.m; sourceTree = "<group>"; };
		53067722247EC3DD003405F5 /* RSEventRepository.m */ = {isa = PBXFileReference; fileEncoding = 4; lastKnownFileType = sourcecode.c.objc; path = RSEventRepository.m; sourceTree = "<group>"; };
		53067723247EC3DD003405F5 /* RSPagePropertyBuilder.h */ = {isa = PBXFileReference; fileEncoding = 4; lastKnownFileType = sourcecode.c.h; path = RSPagePropertyBuilder.h; sourceTree = "<group>"; };
		53067724247EC3DD003405F5 /* UIViewController+RSScreen.h */ = {isa = PBXFileReference; fileEncoding = 4; lastKnownFileType = sourcecode.c.h; path = "UIViewController+RSScreen.h"; sourceTree = "<group>"; };
		53067725247EC3DD003405F5 /* RSScreenPropertyBuilder.m */ = {isa = PBXFileReference; fileEncoding = 4; lastKnownFileType = sourcecode.c.objc; path = RSScreenPropertyBuilder.m; sourceTree = "<group>"; };
		53067726247EC3DD003405F5 /* RSDBMessage.h */ = {isa = PBXFileReference; fileEncoding = 4; lastKnownFileType = sourcecode.c.h; path = RSDBMessage.h; sourceTree = "<group>"; };
		53067727247EC3DD003405F5 /* RSLogger.m */ = {isa = PBXFileReference; fileEncoding = 4; lastKnownFileType = sourcecode.c.objc; path = RSLogger.m; sourceTree = "<group>"; };
		5306777B247EC544003405F5 /* Rudder-umbrella.h */ = {isa = PBXFileReference; fileEncoding = 4; lastKnownFileType = sourcecode.c.h; path = "Rudder-umbrella.h"; sourceTree = "<group>"; };
		5306777C247EC545003405F5 /* Rudder.modulemap */ = {isa = PBXFileReference; fileEncoding = 4; lastKnownFileType = "sourcecode.module-map"; path = Rudder.modulemap; sourceTree = "<group>"; };
		5306777E247EC5EC003405F5 /* libsqlite3.tbd */ = {isa = PBXFileReference; lastKnownFileType = "sourcecode.text-based-dylib-definition"; name = libsqlite3.tbd; path = usr/lib/libsqlite3.tbd; sourceTree = SDKROOT; };
		5306777F247EC630003405F5 /* libsqlite3.tbd */ = {isa = PBXFileReference; lastKnownFileType = "sourcecode.text-based-dylib-definition"; name = libsqlite3.tbd; path = Platforms/MacOSX.platform/Developer/SDKs/MacOSX10.15.sdk/usr/lib/libsqlite3.tbd; sourceTree = DEVELOPER_DIR; };
		OBJ_18 /* ExampleSwift */ = {isa = PBXFileReference; lastKnownFileType = folder; path = ExampleSwift; sourceTree = SOURCE_ROOT; };
		OBJ_19 /* Example */ = {isa = PBXFileReference; lastKnownFileType = folder; path = Example; sourceTree = SOURCE_ROOT; };
		OBJ_20 /* LICENSE */ = {isa = PBXFileReference; lastKnownFileType = text; path = LICENSE; sourceTree = "<group>"; };
		OBJ_21 /* CHANGELOG.md */ = {isa = PBXFileReference; lastKnownFileType = net.daringfireball.markdown; path = CHANGELOG.md; sourceTree = "<group>"; };
		OBJ_22 /* README.md */ = {isa = PBXFileReference; lastKnownFileType = net.daringfireball.markdown; path = README.md; sourceTree = "<group>"; };
		OBJ_23 /* release.sh */ = {isa = PBXFileReference; lastKnownFileType = text.script.sh; path = release.sh; sourceTree = "<group>"; };
		OBJ_24 /* Rudder.podspec */ = {isa = PBXFileReference; lastKnownFileType = text; path = Rudder.podspec; sourceTree = "<group>"; };
		OBJ_6 /* Package.swift */ = {isa = PBXFileReference; explicitFileType = sourcecode.swift; path = Package.swift; sourceTree = "<group>"; };
		"rudder-sdk-ios::rudder-sdk-ios::Product" /* rudder_sdk_ios.framework */ = {isa = PBXFileReference; explicitFileType = wrapper.framework; path = rudder_sdk_ios.framework; sourceTree = BUILT_PRODUCTS_DIR; };
		"rudder-sdk-ios::rudder-sdk-iosTests::Product" /* rudder-sdk-iosTests.xctest */ = {isa = PBXFileReference; explicitFileType = wrapper.cfbundle; path = "rudder-sdk-iosTests.xctest"; sourceTree = BUILT_PRODUCTS_DIR; };
/* End PBXFileReference section */

/* Begin PBXFrameworksBuildPhase section */
		OBJ_31 /* Frameworks */ = {
			isa = PBXFrameworksBuildPhase;
			buildActionMask = 0;
			files = (
			);
			runOnlyForDeploymentPostprocessing = 0;
		};
		OBJ_50 /* Frameworks */ = {
			isa = PBXFrameworksBuildPhase;
			buildActionMask = 0;
			files = (
				OBJ_51 /* rudder_sdk_ios.framework in Frameworks */,
			);
			runOnlyForDeploymentPostprocessing = 0;
		};
/* End PBXFrameworksBuildPhase section */

/* Begin PBXGroup section */
		530676BE247EC3DC003405F5 /* Ecomm */ = {
			isa = PBXGroup;
			children = (
				530676BF247EC3DC003405F5 /* RSECommerceCartBuilder.h */,
				530676C0247EC3DC003405F5 /* RSECommerceWishListBuilder.m */,
				530676C1247EC3DC003405F5 /* RSECommerceProductBuilder.h */,
				530676C2247EC3DC003405F5 /* RSECommerceEvents.h */,
				530676C3247EC3DC003405F5 /* RSECommerceProduct.h */,
				530676C4247EC3DC003405F5 /* RSECommerceCheckoutBuilder.m */,
				530676C5247EC3DC003405F5 /* RSECommerceCouponBuilder.m */,
				530676C6247EC3DC003405F5 /* RSECommerceOrder.h */,
				530676C7247EC3DC003405F5 /* RSECommerceCoupon.h */,
				530676C8247EC3DC003405F5 /* RSECommerceCart.m */,
				530676C9247EC3DC003405F5 /* RSECommercePromotion.m */,
				530676CA247EC3DC003405F5 /* RSECommerceFilter.m */,
				530676CB247EC3DC003405F5 /* RSECommerceParamNames.h */,
				530676CC247EC3DC003405F5 /* RSECommerceSortBuilder.m */,
				530676CD247EC3DC003405F5 /* RSECommerceCheckout.h */,
				530676CE247EC3DC003405F5 /* RSECommerceFilterBuilder.h */,
				530676CF247EC3DC003405F5 /* RSECommerceWishList.h */,
				530676D0247EC3DC003405F5 /* RSECommerceSort.m */,
				530676D1247EC3DC003405F5 /* RSECommercePromotionBuilder.m */,
				530676D2247EC3DC003405F5 /* RSECommerceOrderBuilder.h */,
				530676D3247EC3DC003405F5 /* RSECommerceProduct.m */,
				530676D4247EC3DC003405F5 /* RSECommerceEvents.m */,
				530676D5247EC3DC003405F5 /* RSECommerceProductBuilder.m */,
				530676D6247EC3DC003405F5 /* RSECommerceWishListBuilder.h */,
				530676D7247EC3DC003405F5 /* RSECommerceCartBuilder.m */,
				530676D8247EC3DC003405F5 /* RSECommerceParamNames.m */,
				530676D9247EC3DC003405F5 /* RSECommerceSortBuilder.h */,
				530676DA247EC3DC003405F5 /* RSECommercePromotion.h */,
				530676DB247EC3DC003405F5 /* RSECommerceFilter.h */,
				530676DC247EC3DC003405F5 /* RSECommerceCart.h */,
				530676DD247EC3DC003405F5 /* RSECommerceCoupon.m */,
				530676DE247EC3DC003405F5 /* RSECommerceOrder.m */,
				530676DF247EC3DC003405F5 /* RSECommerceCouponBuilder.h */,
				530676E0247EC3DC003405F5 /* RSECommerceCheckoutBuilder.h */,
				530676E1247EC3DC003405F5 /* RSECommerceFilterBuilder.m */,
				530676E2247EC3DC003405F5 /* Events */,
				5306771B247EC3DD003405F5 /* RSECommerceCheckout.m */,
				5306771C247EC3DD003405F5 /* RSECommerceOrderBuilder.m */,
				5306771D247EC3DD003405F5 /* RSECommercePromotionBuilder.h */,
				5306771E247EC3DD003405F5 /* RSECommerceSort.h */,
				5306771F247EC3DD003405F5 /* RSECommerceWishList.m */,
			);
			path = Ecomm;
			sourceTree = "<group>";
		};
		530676E2247EC3DC003405F5 /* Events */ = {
			isa = PBXGroup;
			children = (
				530676E3247EC3DC003405F5 /* RSProductListFilteredEvent.h */,
				530676E4247EC3DC003405F5 /* RSPromotionClickedEvent.m */,
				530676E5247EC3DC003405F5 /* RSCouponRemovedEvent.m */,
				530676E6247EC3DC003405F5 /* RSCartSharedEvent.m */,
				530676E7247EC3DC003405F5 /* RSProductAddedToCartEvent.m */,
				530676E8247EC3DC003405F5 /* RSProductAddedToWishListEvent.m */,
				530676E9247EC3DC003405F5 /* RSProductSearchedEvent.m */,
				530676EA247EC3DC003405F5 /* RSOrderUpdatedEvent.m */,
				530676EB247EC3DC003405F5 /* RSCheckoutStartedEvent.m */,
				530676EC247EC3DC003405F5 /* RSPromotionViewedEvent.m */,
				530676ED247EC3DC003405F5 /* RSCouponEnteredEvent.h */,
				530676EE247EC3DC003405F5 /* RSProductRemovedEvent.h */,
				530676EF247EC3DC003405F5 /* RSCheckoutStepViewedEvent.h */,
				530676F0247EC3DC003405F5 /* RSProductViewedEvent.h */,
				530676F1247EC3DC003405F5 /* RSCouponAppliedEvent.m */,
				530676F2247EC3DC003405F5 /* RSOrderCancelledEvent.h */,
				530676F3247EC3DC003405F5 /* RSCouponDeniedEvent.m */,
				530676F4247EC3DC003405F5 /* RSOrderRefundedEvent.m */,
				530676F5247EC3DC003405F5 /* RSPaymentInfoEnteredEvent.h */,
				530676F6247EC3DC003405F5 /* RSProductRemovedFromWishListEvent.m */,
				530676F7247EC3DC003405F5 /* RSCheckoutStepCompletedEvent.m */,
				530676F8247EC3DC003405F5 /* RSOrderCompletedEvent.m */,
				530676F9247EC3DC003405F5 /* RSWishListProductAddedToCartEvent.m */,
				530676FA247EC3DC003405F5 /* RSProductSharedEvent.m */,
				530676FB247EC3DC003405F5 /* RSProductListViewedEvent.m */,
				530676FC247EC3DC003405F5 /* RSProductReviewedEvent.m */,
				530676FD247EC3DC003405F5 /* RSCartViewedEvent.h */,
				530676FE247EC3DC003405F5 /* RSProductClickedEvent.m */,
				530676FF247EC3DC003405F5 /* RSProductRemovedEvent.m */,
				53067700247EC3DC003405F5 /* RSCouponEnteredEvent.m */,
				53067701247EC3DC003405F5 /* RSPromotionViewedEvent.h */,
				53067702247EC3DC003405F5 /* RSCheckoutStartedEvent.h */,
				53067703247EC3DC003405F5 /* RSOrderUpdatedEvent.h */,
				53067704247EC3DC003405F5 /* RSProductSearchedEvent.h */,
				53067705247EC3DC003405F5 /* RSProductAddedToWishListEvent.h */,
				53067706247EC3DC003405F5 /* RSProductAddedToCartEvent.h */,
				53067707247EC3DC003405F5 /* RSCouponRemovedEvent.h */,
				53067708247EC3DC003405F5 /* RSCartSharedEvent.h */,
				53067709247EC3DC003405F5 /* RSProductListFilteredEvent.m */,
				5306770A247EC3DC003405F5 /* RSPromotionClickedEvent.h */,
				5306770B247EC3DC003405F5 /* RSCouponDeniedEvent.h */,
				5306770C247EC3DC003405F5 /* RSOrderCancelledEvent.m */,
				5306770D247EC3DD003405F5 /* RSCouponAppliedEvent.h */,
				5306770E247EC3DD003405F5 /* RSCheckoutStepViewedEvent.m */,
				5306770F247EC3DD003405F5 /* RSProductViewedEvent.m */,
				53067710247EC3DD003405F5 /* RSProductSharedEvent.h */,
				53067711247EC3DD003405F5 /* RSOrderCompletedEvent.h */,
				53067712247EC3DD003405F5 /* RSWishListProductAddedToCartEvent.h */,
				53067713247EC3DD003405F5 /* RSCheckoutStepCompletedEvent.h */,
				53067714247EC3DD003405F5 /* RSPaymentInfoEnteredEvent.m */,
				53067715247EC3DD003405F5 /* RSProductRemovedFromWishListEvent.h */,
				53067716247EC3DD003405F5 /* RSOrderRefundedEvent.h */,
				53067717247EC3DD003405F5 /* RSProductClickedEvent.h */,
				53067718247EC3DD003405F5 /* RSCartViewedEvent.m */,
				53067719247EC3DD003405F5 /* RSProductReviewedEvent.h */,
				5306771A247EC3DD003405F5 /* RSProductListViewedEvent.h */,
			);
			path = Events;
			sourceTree = "<group>";
		};
		5306777D247EC5EC003405F5 /* Frameworks */ = {
			isa = PBXGroup;
			children = (
				5306777F247EC630003405F5 /* libsqlite3.tbd */,
				5306777E247EC5EC003405F5 /* libsqlite3.tbd */,
			);
			name = Frameworks;
			sourceTree = "<group>";
		};
		5328004D247ECB1300BAFA3D /* include */ = {
			isa = PBXGroup;
			children = (
				5306777B247EC544003405F5 /* Rudder-umbrella.h */,
				5306777C247EC545003405F5 /* Rudder.modulemap */,
			);
			path = include;
			sourceTree = "<group>";
		};
		OBJ_10 /* Tests */ = {
			isa = PBXGroup;
			children = (
				OBJ_11 /* rudder-sdk-iosTests */,
			);
			name = Tests;
			sourceTree = SOURCE_ROOT;
		};
		OBJ_11 /* rudder-sdk-iosTests */ = {
			isa = PBXGroup;
			children = (
			);
			name = "rudder-sdk-iosTests";
			path = "Tests/rudder-sdk-iosTests";
			sourceTree = SOURCE_ROOT;
		};
		OBJ_14 /* Products */ = {
			isa = PBXGroup;
			children = (
				"rudder-sdk-ios::rudder-sdk-ios::Product" /* rudder_sdk_ios.framework */,
				"rudder-sdk-ios::rudder-sdk-iosTests::Product" /* rudder-sdk-iosTests.xctest */,
			);
			name = Products;
			sourceTree = BUILT_PRODUCTS_DIR;
		};
		OBJ_5 = {
			isa = PBXGroup;
			children = (
				OBJ_6 /* Package.swift */,
				OBJ_7 /* Sources */,
				OBJ_10 /* Tests */,
				OBJ_14 /* Products */,
				OBJ_18 /* ExampleSwift */,
				OBJ_19 /* Example */,
				OBJ_20 /* LICENSE */,
				OBJ_21 /* CHANGELOG.md */,
				OBJ_22 /* README.md */,
				OBJ_23 /* release.sh */,
				OBJ_24 /* Rudder.podspec */,
				5306777D247EC5EC003405F5 /* Frameworks */,
			);
			sourceTree = "<group>";
		};
		OBJ_7 /* Sources */ = {
			isa = PBXGroup;
			children = (
				OBJ_8 /* rudder-sdk-ios */,
			);
			name = Sources;
			sourceTree = SOURCE_ROOT;
		};
		OBJ_8 /* rudder-sdk-ios */ = {
			isa = PBXGroup;
			children = (
				5328004D247ECB1300BAFA3D /* include */,
				530676BE247EC3DC003405F5 /* Ecomm */,
				53067680247EC3DC003405F5 /* RSServerConfigSource.m */,
				53067681247EC3DC003405F5 /* RSTraits.m */,
				53067682247EC3DC003405F5 /* RSLibraryInfo.m */,
				53067683247EC3DC003405F5 /* RSMessageType.h */,
				53067684247EC3DC003405F5 /* RSDBPersistentManager.m */,
				53067685247EC3DC003405F5 /* RSConfig.m */,
				53067686247EC3DC003405F5 /* RSNetwork.m */,
				53067687247EC3DC003405F5 /* RSApp.m */,
				53067688247EC3DC003405F5 /* RSDeviceInfo.h */,
				53067689247EC3DC003405F5 /* RSProperty.h */,
				5306768A247EC3DC003405F5 /* RSServerDestination.m */,
				5306768B247EC3DC003405F5 /* RSOSInfo.m */,
				5306768C247EC3DC003405F5 /* RSOption.h */,
				5306768D247EC3DC003405F5 /* RSMessageBuilder.h */,
				5306768E247EC3DC003405F5 /* RSConstants.h */,
				5306768F247EC3DC003405F5 /* RSClient.m */,
				53067690247EC3DC003405F5 /* RSTraitsBuilder.m */,
				53067691247EC3DC003405F5 /* RSServerConfigManager.h */,
				53067692247EC3DC003405F5 /* Rudder.h */,
				53067693247EC3DC003405F5 /* RSContext.h */,
				53067694247EC3DC003405F5 /* RSUtils.m */,
				53067695247EC3DC003405F5 /* RSConfigBuilder.h */,
				53067696247EC3DC003405F5 /* RSTrackPropertyBuilder.m */,
				53067697247EC3DC003405F5 /* RSPreferenceManager.h */,
				53067698247EC3DC003405F5 /* RSScreenInfo.h */,
				53067699247EC3DC003405F5 /* RSServerDestinationDefinition.h */,
				5306769B247EC3DC003405F5 /* RSLogger.h */,
				5306769C247EC3DC003405F5 /* RSDBMessage.m */,
				5306769D247EC3DC003405F5 /* RSScreenPropertyBuilder.h */,
				5306769E247EC3DC003405F5 /* UIViewController+RSScreen.m */,
				5306769F247EC3DC003405F5 /* RSPagePropertyBuilder.m */,
				530676A0247EC3DC003405F5 /* RSEventRepository.h */,
				530676A1247EC3DC003405F5 /* RSElementCache.h */,
				530676A2247EC3DC003405F5 /* RSMessage.h */,
				530676A3247EC3DC003405F5 /* RSDeviceInfo.m */,
				530676A4247EC3DC003405F5 /* RSApp.h */,
				530676A5247EC3DC003405F5 /* RSIntegrationFactory.h */,
				530676A6247EC3DC003405F5 /* RSNetwork.h */,
				530676A7247EC3DC003405F5 /* RSConfig.h */,
				530676A8247EC3DC003405F5 /* RSDBPersistentManager.h */,
				530676A9247EC3DC003405F5 /* RSLibraryInfo.h */,
				530676AA247EC3DC003405F5 /* RSMessageType.m */,
				530676AB247EC3DC003405F5 /* RSServerConfigSource.h */,
				530676AC247EC3DC003405F5 /* RSTraits.h */,
				530676AD247EC3DC003405F5 /* RSClient.h */,
				530676AE247EC3DC003405F5 /* RSTraitsBuilder.h */,
				530676AF247EC3DC003405F5 /* RSServerConfigManager.m */,
				530676B0247EC3DC003405F5 /* RSIntegration.h */,
				530676B1247EC3DC003405F5 /* RSConstants.m */,
				530676B2247EC3DC003405F5 /* RSOption.m */,
				530676B3247EC3DC003405F5 /* RSMessageBuilder.m */,
				530676B4247EC3DC003405F5 /* RSOSInfo.h */,
				530676B5247EC3DC003405F5 /* RSServerDestination.h */,
				530676B6247EC3DC003405F5 /* RSProperty.m */,
				530676B7247EC3DC003405F5 /* RSServerDestinationDefinition.m */,
				530676B8247EC3DC003405F5 /* RSScreenInfo.m */,
				530676B9247EC3DC003405F5 /* RSPreferenceManager.m */,
				530676BA247EC3DC003405F5 /* RSTrackPropertyBuilder.h */,
				530676BB247EC3DC003405F5 /* RSConfigBuilder.m */,
				530676BC247EC3DC003405F5 /* RSContext.m */,
				530676BD247EC3DC003405F5 /* RSUtils.h */,
				53067720247EC3DD003405F5 /* RSElementCache.m */,
				53067721247EC3DD003405F5 /* RSMessage.m */,
				53067722247EC3DD003405F5 /* RSEventRepository.m */,
				53067723247EC3DD003405F5 /* RSPagePropertyBuilder.h */,
				53067724247EC3DD003405F5 /* UIViewController+RSScreen.h */,
				53067725247EC3DD003405F5 /* RSScreenPropertyBuilder.m */,
				53067726247EC3DD003405F5 /* RSDBMessage.h */,
				53067727247EC3DD003405F5 /* RSLogger.m */,
			);
			name = "rudder-sdk-ios";
			path = "Sources/rudder-sdk-ios";
			sourceTree = SOURCE_ROOT;
		};
/* End PBXGroup section */

/* Begin PBXNativeTarget section */
		"rudder-sdk-ios::SwiftPMPackageDescription" /* rudder-sdk-iosPackageDescription */ = {
			isa = PBXNativeTarget;
			buildConfigurationList = OBJ_33 /* Build configuration list for PBXNativeTarget "rudder-sdk-iosPackageDescription" */;
			buildPhases = (
				OBJ_36 /* Sources */,
			);
			buildRules = (
			);
			dependencies = (
			);
			name = "rudder-sdk-iosPackageDescription";
			productName = "rudder-sdk-iosPackageDescription";
			productType = "com.apple.product-type.framework";
		};
		"rudder-sdk-ios::rudder-sdk-ios" /* rudder-sdk-ios */ = {
			isa = PBXNativeTarget;
			buildConfigurationList = OBJ_26 /* Build configuration list for PBXNativeTarget "rudder-sdk-ios" */;
			buildPhases = (
				OBJ_29 /* Sources */,
				OBJ_31 /* Frameworks */,
			);
			buildRules = (
			);
			dependencies = (
			);
			name = "rudder-sdk-ios";
			productName = rudder_sdk_ios;
			productReference = "rudder-sdk-ios::rudder-sdk-ios::Product" /* rudder_sdk_ios.framework */;
			productType = "com.apple.product-type.framework";
		};
		"rudder-sdk-ios::rudder-sdk-iosTests" /* rudder-sdk-iosTests */ = {
			isa = PBXNativeTarget;
			buildConfigurationList = OBJ_44 /* Build configuration list for PBXNativeTarget "rudder-sdk-iosTests" */;
			buildPhases = (
				OBJ_47 /* Sources */,
				OBJ_50 /* Frameworks */,
			);
			buildRules = (
			);
			dependencies = (
				OBJ_52 /* PBXTargetDependency */,
			);
			name = "rudder-sdk-iosTests";
			productName = rudder_sdk_iosTests;
			productReference = "rudder-sdk-ios::rudder-sdk-iosTests::Product" /* rudder-sdk-iosTests.xctest */;
			productType = "com.apple.product-type.bundle.unit-test";
		};
/* End PBXNativeTarget section */

/* Begin PBXProject section */
		OBJ_1 /* Project object */ = {
			isa = PBXProject;
			attributes = {
				LastSwiftMigration = 9999;
				LastUpgradeCheck = 9999;
			};
			buildConfigurationList = OBJ_2 /* Build configuration list for PBXProject "rudder-sdk-ios" */;
			compatibilityVersion = "Xcode 3.2";
			developmentRegion = en;
			hasScannedForEncodings = 0;
			knownRegions = (
				en,
			);
			mainGroup = OBJ_5;
			productRefGroup = OBJ_14 /* Products */;
			projectDirPath = "";
			projectRoot = "";
			targets = (
				"rudder-sdk-ios::rudder-sdk-ios" /* rudder-sdk-ios */,
				"rudder-sdk-ios::SwiftPMPackageDescription" /* rudder-sdk-iosPackageDescription */,
				"rudder-sdk-ios::rudder-sdk-iosPackageTests::ProductTarget" /* rudder-sdk-iosPackageTests */,
				"rudder-sdk-ios::rudder-sdk-iosTests" /* rudder-sdk-iosTests */,
			);
		};
/* End PBXProject section */

/* Begin PBXSourcesBuildPhase section */
		OBJ_29 /* Sources */ = {
			isa = PBXSourcesBuildPhase;
			buildActionMask = 0;
			files = (
				53067741247EC3DD003405F5 /* RSPreferenceManager.m in Sources */,
				53067731247EC3DD003405F5 /* RSClient.m in Sources */,
				53067751247EC3DD003405F5 /* RSECommerceParamNames.m in Sources */,
				5306775E247EC3DD003405F5 /* RSCouponAppliedEvent.m in Sources */,
				5306775C247EC3DD003405F5 /* RSCheckoutStartedEvent.m in Sources */,
				5306773E247EC3DD003405F5 /* RSProperty.m in Sources */,
				5306775F247EC3DD003405F5 /* RSCouponDeniedEvent.m in Sources */,
				53067760247EC3DD003405F5 /* RSOrderRefundedEvent.m in Sources */,
				53067749247EC3DD003405F5 /* RSECommerceFilter.m in Sources */,
				53067765247EC3DD003405F5 /* RSProductSharedEvent.m in Sources */,
				53067739247EC3DD003405F5 /* RSMessageType.m in Sources */,
				53067770247EC3DD003405F5 /* RSCartViewedEvent.m in Sources */,
				5306772E247EC3DD003405F5 /* RSApp.m in Sources */,
				53067771247EC3DD003405F5 /* RSECommerceCheckout.m in Sources */,
				53067746247EC3DD003405F5 /* RSECommerceCouponBuilder.m in Sources */,
				53067773247EC3DD003405F5 /* RSECommerceWishList.m in Sources */,
				5306772A247EC3DD003405F5 /* RSLibraryInfo.m in Sources */,
				5306775B247EC3DD003405F5 /* RSOrderUpdatedEvent.m in Sources */,
				53067774247EC3DD003405F5 /* RSElementCache.m in Sources */,
				5306774E247EC3DD003405F5 /* RSECommerceEvents.m in Sources */,
				53067763247EC3DD003405F5 /* RSOrderCompletedEvent.m in Sources */,
				5306775D247EC3DD003405F5 /* RSPromotionViewedEvent.m in Sources */,
				53067736247EC3DD003405F5 /* UIViewController+RSScreen.m in Sources */,
				53067757247EC3DD003405F5 /* RSCartSharedEvent.m in Sources */,
				53067728247EC3DD003405F5 /* RSServerConfigSource.m in Sources */,
				53067745247EC3DD003405F5 /* RSECommerceCheckoutBuilder.m in Sources */,
				53067778247EC3DD003405F5 /* RSLogger.m in Sources */,
				5306772C247EC3DD003405F5 /* RSConfig.m in Sources */,
				5306776F247EC3DD003405F5 /* RSPaymentInfoEnteredEvent.m in Sources */,
				53067756247EC3DD003405F5 /* RSCouponRemovedEvent.m in Sources */,
				5306773C247EC3DD003405F5 /* RSOption.m in Sources */,
				53067772247EC3DD003405F5 /* RSECommerceOrderBuilder.m in Sources */,
				53067734247EC3DD003405F5 /* RSTrackPropertyBuilder.m in Sources */,
				5306774D247EC3DD003405F5 /* RSECommerceProduct.m in Sources */,
				5306776A247EC3DD003405F5 /* RSCouponEnteredEvent.m in Sources */,
				53067737247EC3DD003405F5 /* RSPagePropertyBuilder.m in Sources */,
				53067759247EC3DD003405F5 /* RSProductAddedToWishListEvent.m in Sources */,
				53067730247EC3DD003405F5 /* RSOSInfo.m in Sources */,
				53067776247EC3DD003405F5 /* RSEventRepository.m in Sources */,
				53067752247EC3DD003405F5 /* RSECommerceCoupon.m in Sources */,
				53067764247EC3DD003405F5 /* RSWishListProductAddedToCartEvent.m in Sources */,
				5306772F247EC3DD003405F5 /* RSServerDestination.m in Sources */,
				5306773B247EC3DD003405F5 /* RSConstants.m in Sources */,
				53067748247EC3DD003405F5 /* RSECommercePromotion.m in Sources */,
				5306775A247EC3DD003405F5 /* RSProductSearchedEvent.m in Sources */,
				53067732247EC3DD003405F5 /* RSTraitsBuilder.m in Sources */,
				5306774F247EC3DD003405F5 /* RSECommerceProductBuilder.m in Sources */,
				53067753247EC3DD003405F5 /* RSECommerceOrder.m in Sources */,
				5306773F247EC3DD003405F5 /* RSServerDestinationDefinition.m in Sources */,
				53067742247EC3DD003405F5 /* RSConfigBuilder.m in Sources */,
				53067762247EC3DD003405F5 /* RSCheckoutStepCompletedEvent.m in Sources */,
				5306776C247EC3DD003405F5 /* RSOrderCancelledEvent.m in Sources */,
				5306776E247EC3DD003405F5 /* RSProductViewedEvent.m in Sources */,
				53067754247EC3DD003405F5 /* RSECommerceFilterBuilder.m in Sources */,
				5306774A247EC3DD003405F5 /* RSECommerceSortBuilder.m in Sources */,
				53067743247EC3DD003405F5 /* RSContext.m in Sources */,
				5306774C247EC3DD003405F5 /* RSECommercePromotionBuilder.m in Sources */,
				5306772B247EC3DD003405F5 /* RSDBPersistentManager.m in Sources */,
				5306774B247EC3DD003405F5 /* RSECommerceSort.m in Sources */,
				5306772D247EC3DD003405F5 /* RSNetwork.m in Sources */,
				53067744247EC3DD003405F5 /* RSECommerceWishListBuilder.m in Sources */,
				5306773A247EC3DD003405F5 /* RSServerConfigManager.m in Sources */,
				53067755247EC3DD003405F5 /* RSPromotionClickedEvent.m in Sources */,
				53067775247EC3DD003405F5 /* RSMessage.m in Sources */,
				53067767247EC3DD003405F5 /* RSProductReviewedEvent.m in Sources */,
				5306776B247EC3DD003405F5 /* RSProductListFilteredEvent.m in Sources */,
				53067740247EC3DD003405F5 /* RSScreenInfo.m in Sources */,
				53067729247EC3DD003405F5 /* RSTraits.m in Sources */,
				5306773D247EC3DD003405F5 /* RSMessageBuilder.m in Sources */,
				53067735247EC3DD003405F5 /* RSDBMessage.m in Sources */,
				53067758247EC3DD003405F5 /* RSProductAddedToCartEvent.m in Sources */,
				53067747247EC3DD003405F5 /* RSECommerceCart.m in Sources */,
				53067750247EC3DD003405F5 /* RSECommerceCartBuilder.m in Sources */,
				53067768247EC3DD003405F5 /* RSProductClickedEvent.m in Sources */,
				5306776D247EC3DD003405F5 /* RSCheckoutStepViewedEvent.m in Sources */,
				53067761247EC3DD003405F5 /* RSProductRemovedFromWishListEvent.m in Sources */,
				53067766247EC3DD003405F5 /* RSProductListViewedEvent.m in Sources */,
				53067738247EC3DD003405F5 /* RSDeviceInfo.m in Sources */,
				53067769247EC3DD003405F5 /* RSProductRemovedEvent.m in Sources */,
				53067733247EC3DD003405F5 /* RSUtils.m in Sources */,
				53067777247EC3DD003405F5 /* RSScreenPropertyBuilder.m in Sources */,
			);
			runOnlyForDeploymentPostprocessing = 0;
		};
		OBJ_36 /* Sources */ = {
			isa = PBXSourcesBuildPhase;
			buildActionMask = 0;
			files = (
				OBJ_37 /* Package.swift in Sources */,
			);
			runOnlyForDeploymentPostprocessing = 0;
		};
		OBJ_47 /* Sources */ = {
			isa = PBXSourcesBuildPhase;
			buildActionMask = 0;
			files = (
			);
			runOnlyForDeploymentPostprocessing = 0;
		};
/* End PBXSourcesBuildPhase section */

/* Begin PBXTargetDependency section */
		OBJ_42 /* PBXTargetDependency */ = {
			isa = PBXTargetDependency;
			target = "rudder-sdk-ios::rudder-sdk-iosTests" /* rudder-sdk-iosTests */;
			targetProxy = 5306767C247EC3C3003405F5 /* PBXContainerItemProxy */;
		};
		OBJ_52 /* PBXTargetDependency */ = {
			isa = PBXTargetDependency;
			target = "rudder-sdk-ios::rudder-sdk-ios" /* rudder-sdk-ios */;
			targetProxy = 5306767B247EC3C2003405F5 /* PBXContainerItemProxy */;
		};
/* End PBXTargetDependency section */

/* Begin XCBuildConfiguration section */
		OBJ_27 /* Debug */ = {
			isa = XCBuildConfiguration;
			buildSettings = {
				DEFINES_MODULE = YES;
				ENABLE_TESTABILITY = YES;
				FRAMEWORK_SEARCH_PATHS = (
					"$(inherited)",
					"$(PLATFORM_DIR)/Developer/Library/Frameworks",
				);
				HEADER_SEARCH_PATHS = (
					"$(inherited)",
					"Sources/rudder-sdk-ios/Ecomm",
					"Sources/rudder-sdk-ios",
				);
				INFOPLIST_FILE = "rudder-sdk-ios.xcodeproj/rudder_sdk_ios_Info.plist";
				IPHONEOS_DEPLOYMENT_TARGET = 11.0;
				MODULEMAP_FILE = Rudder.modulemap;
				OTHER_CFLAGS = "$(inherited)";
				OTHER_LDFLAGS = "$(inherited)";
				OTHER_SWIFT_FLAGS = "$(inherited)";
				PRODUCT_BUNDLE_IDENTIFIER = "rudder-sdk-ios";
				PRODUCT_MODULE_NAME = "$(TARGET_NAME:c99extidentifier)";
				PRODUCT_NAME = "$(TARGET_NAME:c99extidentifier)";
				SKIP_INSTALL = YES;
				SWIFT_ACTIVE_COMPILATION_CONDITIONS = "$(inherited)";
				SWIFT_VERSION = 5.0;
				TARGET_NAME = "rudder-sdk-ios";
			};
			name = Debug;
		};
		OBJ_28 /* Release */ = {
			isa = XCBuildConfiguration;
			buildSettings = {
				DEFINES_MODULE = YES;
				ENABLE_TESTABILITY = YES;
				FRAMEWORK_SEARCH_PATHS = (
					"$(inherited)",
					"$(PLATFORM_DIR)/Developer/Library/Frameworks",
				);
				HEADER_SEARCH_PATHS = (
					"$(inherited)",
					"Sources/rudder-sdk-ios/Ecomm",
					"Sources/rudder-sdk-ios",
				);
				INFOPLIST_FILE = "rudder-sdk-ios.xcodeproj/rudder_sdk_ios_Info.plist";
				IPHONEOS_DEPLOYMENT_TARGET = 11.0;
				MODULEMAP_FILE = Rudder.modulemap;
				OTHER_CFLAGS = "$(inherited)";
				OTHER_LDFLAGS = "$(inherited)";
				OTHER_SWIFT_FLAGS = "$(inherited)";
				PRODUCT_BUNDLE_IDENTIFIER = "rudder-sdk-ios";
				PRODUCT_MODULE_NAME = "$(TARGET_NAME:c99extidentifier)";
				PRODUCT_NAME = "$(TARGET_NAME:c99extidentifier)";
				SKIP_INSTALL = YES;
				SWIFT_ACTIVE_COMPILATION_CONDITIONS = "$(inherited)";
				SWIFT_VERSION = 5.0;
				TARGET_NAME = "rudder-sdk-ios";
			};
			name = Release;
		};
		OBJ_3 /* Debug */ = {
			isa = XCBuildConfiguration;
			buildSettings = {
				CLANG_ENABLE_OBJC_ARC = YES;
				COMBINE_HIDPI_IMAGES = YES;
				COPY_PHASE_STRIP = NO;
				DEBUG_INFORMATION_FORMAT = dwarf;
				DYLIB_INSTALL_NAME_BASE = "@rpath";
				ENABLE_NS_ASSERTIONS = YES;
				GCC_OPTIMIZATION_LEVEL = 0;
				GCC_PREPROCESSOR_DEFINITIONS = (
					"$(inherited)",
					"SWIFT_PACKAGE=1",
					"DEBUG=1",
				);
				ONLY_ACTIVE_ARCH = YES;
				OTHER_LDFLAGS = (
					"-framework",
					UIKit,
					"-l\"sqlite3\"",
					"-framework",
					WebKit,
					"-framework",
					CoreGraphics,
					"-framework",
					CoreTelephony,
				);
				OTHER_SWIFT_FLAGS = "$(inherited) -DXcode";
				PRODUCT_NAME = "$(TARGET_NAME)";
				SDKROOT = iphoneos;
				SUPPORTED_PLATFORMS = "iphonesimulator iphoneos";
				SWIFT_ACTIVE_COMPILATION_CONDITIONS = "$(inherited) SWIFT_PACKAGE DEBUG";
				SWIFT_OPTIMIZATION_LEVEL = "-Onone";
				USE_HEADERMAP = NO;
			};
			name = Debug;
		};
		OBJ_34 /* Debug */ = {
			isa = XCBuildConfiguration;
			buildSettings = {
				LD = /usr/bin/true;
				OTHER_SWIFT_FLAGS = "-swift-version 5 -I $(TOOLCHAIN_DIR)/usr/lib/swift/pm/4_2 -target x86_64-apple-macosx10.10 -sdk /Applications/Xcode.app/Contents/Developer/Platforms/MacOSX.platform/Developer/SDKs/MacOSX10.15.sdk -package-description-version 5.2.0";
				SWIFT_VERSION = 5.0;
			};
			name = Debug;
		};
		OBJ_35 /* Release */ = {
			isa = XCBuildConfiguration;
			buildSettings = {
				LD = /usr/bin/true;
				OTHER_SWIFT_FLAGS = "-swift-version 5 -I $(TOOLCHAIN_DIR)/usr/lib/swift/pm/4_2 -target x86_64-apple-macosx10.10 -sdk /Applications/Xcode.app/Contents/Developer/Platforms/MacOSX.platform/Developer/SDKs/MacOSX10.15.sdk -package-description-version 5.2.0";
				SWIFT_VERSION = 5.0;
			};
			name = Release;
		};
		OBJ_4 /* Release */ = {
			isa = XCBuildConfiguration;
			buildSettings = {
				CLANG_ENABLE_OBJC_ARC = YES;
				COMBINE_HIDPI_IMAGES = YES;
				COPY_PHASE_STRIP = YES;
				DEBUG_INFORMATION_FORMAT = "dwarf-with-dsym";
				DYLIB_INSTALL_NAME_BASE = "@rpath";
				GCC_OPTIMIZATION_LEVEL = s;
				GCC_PREPROCESSOR_DEFINITIONS = (
					"$(inherited)",
					"SWIFT_PACKAGE=1",
				);
				OTHER_LDFLAGS = (
					"-framework",
					UIKit,
					"-l\"sqlite3\"",
					"-framework",
					WebKit,
					"-framework",
					CoreGraphics,
					"-framework",
					CoreTelephony,
				);
				OTHER_SWIFT_FLAGS = "$(inherited) -DXcode";
				PRODUCT_NAME = "$(TARGET_NAME)";
				SDKROOT = iphoneos;
				SUPPORTED_PLATFORMS = "iphonesimulator iphoneos";
				SWIFT_ACTIVE_COMPILATION_CONDITIONS = "$(inherited) SWIFT_PACKAGE";
				SWIFT_OPTIMIZATION_LEVEL = "-Owholemodule";
				USE_HEADERMAP = NO;
			};
			name = Release;
		};
		OBJ_40 /* Debug */ = {
			isa = XCBuildConfiguration;
			buildSettings = {
			};
			name = Debug;
		};
		OBJ_41 /* Release */ = {
			isa = XCBuildConfiguration;
			buildSettings = {
			};
			name = Release;
		};
		OBJ_45 /* Debug */ = {
			isa = XCBuildConfiguration;
			buildSettings = {
				CLANG_ENABLE_MODULES = YES;
				EMBEDDED_CONTENT_CONTAINS_SWIFT = YES;
				FRAMEWORK_SEARCH_PATHS = (
					"$(inherited)",
					"$(PLATFORM_DIR)/Developer/Library/Frameworks",
				);
				HEADER_SEARCH_PATHS = "$(inherited)";
				INFOPLIST_FILE = "rudder-sdk-ios.xcodeproj/rudder_sdk_iosTests_Info.plist";
				IPHONEOS_DEPLOYMENT_TARGET = 8.0;
				LD_RUNPATH_SEARCH_PATHS = "$(inherited) @loader_path/../Frameworks @loader_path/Frameworks";
				MACOSX_DEPLOYMENT_TARGET = 10.10;
				OTHER_CFLAGS = "$(inherited)";
				OTHER_LDFLAGS = "$(inherited)";
				OTHER_SWIFT_FLAGS = "$(inherited)";
				SWIFT_ACTIVE_COMPILATION_CONDITIONS = "$(inherited)";
				SWIFT_VERSION = 5.0;
				TARGET_NAME = "rudder-sdk-iosTests";
				TVOS_DEPLOYMENT_TARGET = 9.0;
				WATCHOS_DEPLOYMENT_TARGET = 2.0;
			};
			name = Debug;
		};
		OBJ_46 /* Release */ = {
			isa = XCBuildConfiguration;
			buildSettings = {
				CLANG_ENABLE_MODULES = YES;
				EMBEDDED_CONTENT_CONTAINS_SWIFT = YES;
				FRAMEWORK_SEARCH_PATHS = (
					"$(inherited)",
					"$(PLATFORM_DIR)/Developer/Library/Frameworks",
				);
				HEADER_SEARCH_PATHS = "$(inherited)";
				INFOPLIST_FILE = "rudder-sdk-ios.xcodeproj/rudder_sdk_iosTests_Info.plist";
				IPHONEOS_DEPLOYMENT_TARGET = 8.0;
				LD_RUNPATH_SEARCH_PATHS = "$(inherited) @loader_path/../Frameworks @loader_path/Frameworks";
				MACOSX_DEPLOYMENT_TARGET = 10.10;
				OTHER_CFLAGS = "$(inherited)";
				OTHER_LDFLAGS = "$(inherited)";
				OTHER_SWIFT_FLAGS = "$(inherited)";
				SWIFT_ACTIVE_COMPILATION_CONDITIONS = "$(inherited)";
				SWIFT_VERSION = 5.0;
				TARGET_NAME = "rudder-sdk-iosTests";
				TVOS_DEPLOYMENT_TARGET = 9.0;
				WATCHOS_DEPLOYMENT_TARGET = 2.0;
			};
			name = Release;
		};
/* End XCBuildConfiguration section */

/* Begin XCConfigurationList section */
		OBJ_2 /* Build configuration list for PBXProject "rudder-sdk-ios" */ = {
			isa = XCConfigurationList;
			buildConfigurations = (
				OBJ_3 /* Debug */,
				OBJ_4 /* Release */,
			);
			defaultConfigurationIsVisible = 0;
			defaultConfigurationName = Release;
		};
		OBJ_26 /* Build configuration list for PBXNativeTarget "rudder-sdk-ios" */ = {
			isa = XCConfigurationList;
			buildConfigurations = (
				OBJ_27 /* Debug */,
				OBJ_28 /* Release */,
			);
			defaultConfigurationIsVisible = 0;
			defaultConfigurationName = Release;
		};
		OBJ_33 /* Build configuration list for PBXNativeTarget "rudder-sdk-iosPackageDescription" */ = {
			isa = XCConfigurationList;
			buildConfigurations = (
				OBJ_34 /* Debug */,
				OBJ_35 /* Release */,
			);
			defaultConfigurationIsVisible = 0;
			defaultConfigurationName = Release;
		};
		OBJ_39 /* Build configuration list for PBXAggregateTarget "rudder-sdk-iosPackageTests" */ = {
			isa = XCConfigurationList;
			buildConfigurations = (
				OBJ_40 /* Debug */,
				OBJ_41 /* Release */,
			);
			defaultConfigurationIsVisible = 0;
			defaultConfigurationName = Release;
		};
		OBJ_44 /* Build configuration list for PBXNativeTarget "rudder-sdk-iosTests" */ = {
			isa = XCConfigurationList;
			buildConfigurations = (
				OBJ_45 /* Debug */,
				OBJ_46 /* Release */,
			);
			defaultConfigurationIsVisible = 0;
			defaultConfigurationName = Release;
		};
/* End XCConfigurationList section */
	};
	rootObject = OBJ_1 /* Project object */;
}
